// !$*UTF8*$!
{
	archiveVersion = 1;
	classes = {
	};
	objectVersion = 60;
	objects = {

/* Begin PBXBuildFile section */
		05099E502C9B33AF00BF00EF /* UserInfo.swift in Sources */ = {isa = PBXBuildFile; fileRef = 05099E4F2C9B33AF00BF00EF /* UserInfo.swift */; };
		05099E522C9B417800BF00EF /* CartProductRow.swift in Sources */ = {isa = PBXBuildFile; fileRef = 05099E512C9B417800BF00EF /* CartProductRow.swift */; };
		05099E542C9B48CC00BF00EF /* CartSummary.swift in Sources */ = {isa = PBXBuildFile; fileRef = 05099E532C9B48CC00BF00EF /* CartSummary.swift */; };
		05281D672C9A372F00FCFC5E /* Model.xcdatamodeld in Sources */ = {isa = PBXBuildFile; fileRef = 05281D652C9A372F00FCFC5E /* Model.xcdatamodeld */; };
		05281D6B2C9A3C5D00FCFC5E /* CoreDataStack.swift in Sources */ = {isa = PBXBuildFile; fileRef = 05281D6A2C9A3C5D00FCFC5E /* CoreDataStack.swift */; };
		05281D702C9A41A900FCFC5E /* Cart.swift in Sources */ = {isa = PBXBuildFile; fileRef = 05281D6F2C9A41A900FCFC5E /* Cart.swift */; };
		0529FDDF2CB3010B00AE971D /* PaymentModel.swift in Sources */ = {isa = PBXBuildFile; fileRef = 0529FDDE2CB3010B00AE971D /* PaymentModel.swift */; };
		0529FDE12CB321E900AE971D /* CongratsView.swift in Sources */ = {isa = PBXBuildFile; fileRef = 0529FDE02CB321E900AE971D /* CongratsView.swift */; };
		0531F1002C5C0BDC00E11C1C /* ReyesApp.swift in Sources */ = {isa = PBXBuildFile; fileRef = 0531F0FF2C5C0BDC00E11C1C /* ReyesApp.swift */; };
		0531F1022C5C0BDC00E11C1C /* ContentView.swift in Sources */ = {isa = PBXBuildFile; fileRef = 0531F1012C5C0BDC00E11C1C /* ContentView.swift */; };
		0531F1042C5C0BDE00E11C1C /* Assets.xcassets in Resources */ = {isa = PBXBuildFile; fileRef = 0531F1032C5C0BDE00E11C1C /* Assets.xcassets */; };
		0531F1072C5C0BDE00E11C1C /* Preview Assets.xcassets in Resources */ = {isa = PBXBuildFile; fileRef = 0531F1062C5C0BDE00E11C1C /* Preview Assets.xcassets */; };
		0531F1112C5C0BDE00E11C1C /* ReyesTests.swift in Sources */ = {isa = PBXBuildFile; fileRef = 0531F1102C5C0BDE00E11C1C /* ReyesTests.swift */; };
		0531F11B2C5C0BDE00E11C1C /* ReyesUITests.swift in Sources */ = {isa = PBXBuildFile; fileRef = 0531F11A2C5C0BDE00E11C1C /* ReyesUITests.swift */; };
		0531F11D2C5C0BDE00E11C1C /* ReyesUITestsLaunchTests.swift in Sources */ = {isa = PBXBuildFile; fileRef = 0531F11C2C5C0BDE00E11C1C /* ReyesUITestsLaunchTests.swift */; };
		0531F12A2C5C0C2500E11C1C /* GoogleService-Info.plist in Resources */ = {isa = PBXBuildFile; fileRef = 0531F1292C5C0C2500E11C1C /* GoogleService-Info.plist */; };
		0531F12E2C5C0ED500E11C1C /* FirebaseStorage in Frameworks */ = {isa = PBXBuildFile; productRef = 0531F12D2C5C0ED500E11C1C /* FirebaseStorage */; };
		0531F1312C5C6B9F00E11C1C /* FetchImagesTest.swift in Sources */ = {isa = PBXBuildFile; fileRef = 0531F1302C5C6B9F00E11C1C /* FetchImagesTest.swift */; };
		0531F1502C5C6E3A00E11C1C /* ActualGame.swift in Sources */ = {isa = PBXBuildFile; fileRef = 0531F1462C5C6E3A00E11C1C /* ActualGame.swift */; };
		0531F1512C5C6E3A00E11C1C /* Game.swift in Sources */ = {isa = PBXBuildFile; fileRef = 0531F1472C5C6E3A00E11C1C /* Game.swift */; };
		0531F1522C5C6E3A00E11C1C /* ModelData.swift in Sources */ = {isa = PBXBuildFile; fileRef = 0531F1482C5C6E3A00E11C1C /* ModelData.swift */; };
		0531F1532C5C6E3A00E11C1C /* Noticia.swift in Sources */ = {isa = PBXBuildFile; fileRef = 0531F1492C5C6E3A00E11C1C /* Noticia.swift */; };
		0531F1542C5C6E3A00E11C1C /* Player.swift in Sources */ = {isa = PBXBuildFile; fileRef = 0531F14A2C5C6E3A00E11C1C /* Player.swift */; };
		0531F1552C5C6E3A00E11C1C /* Product.swift in Sources */ = {isa = PBXBuildFile; fileRef = 0531F14B2C5C6E3A00E11C1C /* Product.swift */; };
		0531F1562C5C6E3A00E11C1C /* RewardInstruction.swift in Sources */ = {isa = PBXBuildFile; fileRef = 0531F14C2C5C6E3A00E11C1C /* RewardInstruction.swift */; };
		0531F1572C5C6E3A00E11C1C /* StaffMember.swift in Sources */ = {isa = PBXBuildFile; fileRef = 0531F14D2C5C6E3A00E11C1C /* StaffMember.swift */; };
		0531F1582C5C6E3A00E11C1C /* Update.swift in Sources */ = {isa = PBXBuildFile; fileRef = 0531F14E2C5C6E3A00E11C1C /* Update.swift */; };
		0531F1792C5C6E5200E11C1C /* HomeView.swift in Sources */ = {isa = PBXBuildFile; fileRef = 0531F1592C5C6E5100E11C1C /* HomeView.swift */; };
		0531F17A2C5C6E5200E11C1C /* NextGameView.swift in Sources */ = {isa = PBXBuildFile; fileRef = 0531F15A2C5C6E5100E11C1C /* NextGameView.swift */; };
		0531F17B2C5C6E5200E11C1C /* Rewards.swift in Sources */ = {isa = PBXBuildFile; fileRef = 0531F15B2C5C6E5100E11C1C /* Rewards.swift */; };
		0531F17C2C5C6E5200E11C1C /* RewardsOnboarding.swift in Sources */ = {isa = PBXBuildFile; fileRef = 0531F15C2C5C6E5100E11C1C /* RewardsOnboarding.swift */; };
		0531F17D2C5C6E5200E11C1C /* Updates.swift in Sources */ = {isa = PBXBuildFile; fileRef = 0531F15D2C5C6E5100E11C1C /* Updates.swift */; };
		0531F17E2C5C6E5200E11C1C /* CustomTabBar.swift in Sources */ = {isa = PBXBuildFile; fileRef = 0531F15F2C5C6E5200E11C1C /* CustomTabBar.swift */; };
		0531F17F2C5C6E5200E11C1C /* Main.swift in Sources */ = {isa = PBXBuildFile; fileRef = 0531F1602C5C6E5200E11C1C /* Main.swift */; };
		0531F1802C5C6E5200E11C1C /* TopBar.swift in Sources */ = {isa = PBXBuildFile; fileRef = 0531F1612C5C6E5200E11C1C /* TopBar.swift */; };
		0531F1812C5C6E5200E11C1C /* Carousel.swift in Sources */ = {isa = PBXBuildFile; fileRef = 0531F1632C5C6E5200E11C1C /* Carousel.swift */; };
		0531F1822C5C6E5200E11C1C /* CircleImage.swift in Sources */ = {isa = PBXBuildFile; fileRef = 0531F1642C5C6E5200E11C1C /* CircleImage.swift */; };
		0531F1832C5C6E5200E11C1C /* VideoView.swift in Sources */ = {isa = PBXBuildFile; fileRef = 0531F1652C5C6E5200E11C1C /* VideoView.swift */; };
		0531F1842C5C6E5200E11C1C /* RosterDetail.swift in Sources */ = {isa = PBXBuildFile; fileRef = 0531F1672C5C6E5200E11C1C /* RosterDetail.swift */; };
		0531F1852C5C6E5200E11C1C /* RosterList.swift in Sources */ = {isa = PBXBuildFile; fileRef = 0531F1682C5C6E5200E11C1C /* RosterList.swift */; };
		0531F1862C5C6E5200E11C1C /* RosterRow.swift in Sources */ = {isa = PBXBuildFile; fileRef = 0531F1692C5C6E5200E11C1C /* RosterRow.swift */; };
		0531F1872C5C6E5200E11C1C /* StaffMemberDetail.swift in Sources */ = {isa = PBXBuildFile; fileRef = 0531F16A2C5C6E5200E11C1C /* StaffMemberDetail.swift */; };
		0531F1882C5C6E5200E11C1C /* StaffMemberRow.swift in Sources */ = {isa = PBXBuildFile; fileRef = 0531F16B2C5C6E5200E11C1C /* StaffMemberRow.swift */; };
		0531F1892C5C6E5200E11C1C /* ProductDetail.swift in Sources */ = {isa = PBXBuildFile; fileRef = 0531F16D2C5C6E5200E11C1C /* ProductDetail.swift */; };
		0531F18A2C5C6E5200E11C1C /* ProductRow.swift in Sources */ = {isa = PBXBuildFile; fileRef = 0531F16E2C5C6E5200E11C1C /* ProductRow.swift */; };
		0531F18B2C5C6E5200E11C1C /* ProductsList.swift in Sources */ = {isa = PBXBuildFile; fileRef = 0531F16F2C5C6E5200E11C1C /* ProductsList.swift */; };
		0531F18C2C5C6E5200E11C1C /* Calendar.swift in Sources */ = {isa = PBXBuildFile; fileRef = 0531F1712C5C6E5200E11C1C /* Calendar.swift */; };
		0531F18D2C5C6E5200E11C1C /* GameDetail.swift in Sources */ = {isa = PBXBuildFile; fileRef = 0531F1722C5C6E5200E11C1C /* GameDetail.swift */; };
		0531F18E2C5C6E5200E11C1C /* GameView.swift in Sources */ = {isa = PBXBuildFile; fileRef = 0531F1732C5C6E5200E11C1C /* GameView.swift */; };
		0531F18F2C5C6E5200E11C1C /* NewDetail.swift in Sources */ = {isa = PBXBuildFile; fileRef = 0531F1752C5C6E5200E11C1C /* NewDetail.swift */; };
		0531F1902C5C6E5200E11C1C /* NewRow.swift in Sources */ = {isa = PBXBuildFile; fileRef = 0531F1762C5C6E5200E11C1C /* NewRow.swift */; };
		0554D1492C925D4A00BE33C3 /* FirebaseAnalytics in Frameworks */ = {isa = PBXBuildFile; productRef = 0554D1482C925D4A00BE33C3 /* FirebaseAnalytics */; };
		0554D14B2C925D5600BE33C3 /* FirebaseCrashlytics in Frameworks */ = {isa = PBXBuildFile; productRef = 0554D14A2C925D5600BE33C3 /* FirebaseCrashlytics */; };
		056309392CD3E359005056C0 /* FirebaseAuth in Frameworks */ = {isa = PBXBuildFile; productRef = 056309382CD3E359005056C0 /* FirebaseAuth */; };
		056309412CD3E583005056C0 /* AuthenticationViewModel.swift in Sources */ = {isa = PBXBuildFile; fileRef = 0563093A2CD3E583005056C0 /* AuthenticationViewModel.swift */; };
		056309422CD3E583005056C0 /* LoginView.swift in Sources */ = {isa = PBXBuildFile; fileRef = 0563093D2CD3E583005056C0 /* LoginView.swift */; };
		056309432CD3E583005056C0 /* UserProfileView.swift in Sources */ = {isa = PBXBuildFile; fileRef = 0563093F2CD3E583005056C0 /* UserProfileView.swift */; };
		056309442CD3E583005056C0 /* SignupView.swift in Sources */ = {isa = PBXBuildFile; fileRef = 0563093E2CD3E583005056C0 /* SignupView.swift */; };
		056309452CD3E583005056C0 /* AuthenticationView.swift in Sources */ = {isa = PBXBuildFile; fileRef = 0563093C2CD3E583005056C0 /* AuthenticationView.swift */; };
		056309462CD3E583005056C0 /* AuthenticatedView.swift in Sources */ = {isa = PBXBuildFile; fileRef = 0563093B2CD3E583005056C0 /* AuthenticatedView.swift */; };
		058039BF2C93696000EE6E36 /* VersionUpdateManager.swift in Sources */ = {isa = PBXBuildFile; fileRef = 058039BE2C93696000EE6E36 /* VersionUpdateManager.swift */; };
		058039C12C93698300EE6E36 /* FirebaseRemoteConfig in Frameworks */ = {isa = PBXBuildFile; productRef = 058039C02C93698300EE6E36 /* FirebaseRemoteConfig */; };
		058039C42C9369DC00EE6E36 /* VersionUpdate.swift in Sources */ = {isa = PBXBuildFile; fileRef = 058039C32C9369DC00EE6E36 /* VersionUpdate.swift */; };
		058508052C7ED3B300478E26 /* Colors.swift in Sources */ = {isa = PBXBuildFile; fileRef = 058508042C7ED3B300478E26 /* Colors.swift */; };
		05995F9D2CC465E800CC200A /* Adress.swift in Sources */ = {isa = PBXBuildFile; fileRef = 05995F9C2CC465E800CC200A /* Adress.swift */; };
		05995F9F2CC4700C00CC200A /* CartProduct.swift in Sources */ = {isa = PBXBuildFile; fileRef = 05995F9E2CC4700C00CC200A /* CartProduct.swift */; };
		059E77712C7B894D00C11C00 /* FirebaseFirestore in Frameworks */ = {isa = PBXBuildFile; productRef = 059E77702C7B894D00C11C00 /* FirebaseFirestore */; };
		059E77752C7BABF500C11C00 /* UploadButtons.swift in Sources */ = {isa = PBXBuildFile; fileRef = 059E77742C7BABF500C11C00 /* UploadButtons.swift */; };
		059E77782C7BC08E00C11C00 /* FetchingView.swift in Sources */ = {isa = PBXBuildFile; fileRef = 059E77772C7BC08E00C11C00 /* FetchingView.swift */; };
		059E777B2C7BC5B000C11C00 /* AppViewModel.swift in Sources */ = {isa = PBXBuildFile; fileRef = 059E777A2C7BC5B000C11C00 /* AppViewModel.swift */; };
		059F24A32C5D2C3500B0EC85 /* DownloadedImage.swift in Sources */ = {isa = PBXBuildFile; fileRef = 059F24A22C5D2C3500B0EC85 /* DownloadedImage.swift */; };
		05A55F572C9E014C008044C5 /* ArticleImage.swift in Sources */ = {isa = PBXBuildFile; fileRef = 05A55F562C9E014C008044C5 /* ArticleImage.swift */; };
		05A55F5A2C9E06C8008044C5 /* Academy.swift in Sources */ = {isa = PBXBuildFile; fileRef = 05A55F592C9E06C8008044C5 /* Academy.swift */; };
		05A85AC12C979A9100C87ADE /* remote_config_defaults.plist in Resources */ = {isa = PBXBuildFile; fileRef = 05A85AC02C979A9100C87ADE /* remote_config_defaults.plist */; };
		05A85AC42C97DCD200C87ADE /* String+Extension.swift in Sources */ = {isa = PBXBuildFile; fileRef = 05A85AC32C97DCD200C87ADE /* String+Extension.swift */; };
		05AD06982CB1A408008D1CB4 /* PaymentView.swift in Sources */ = {isa = PBXBuildFile; fileRef = 05AD06972CB1A408008D1CB4 /* PaymentView.swift */; };
		05AD069B2CB1C25C008D1CB4 /* Stripe in Frameworks */ = {isa = PBXBuildFile; productRef = 05AD069A2CB1C25C008D1CB4 /* Stripe */; };
		05AD069D2CB1C25C008D1CB4 /* StripeApplePay in Frameworks */ = {isa = PBXBuildFile; productRef = 05AD069C2CB1C25C008D1CB4 /* StripeApplePay */; };
		05AD06A12CB1C25C008D1CB4 /* StripeFinancialConnections in Frameworks */ = {isa = PBXBuildFile; productRef = 05AD06A02CB1C25C008D1CB4 /* StripeFinancialConnections */; };
		05AD06A32CB1C25C008D1CB4 /* StripeIdentity in Frameworks */ = {isa = PBXBuildFile; productRef = 05AD06A22CB1C25C008D1CB4 /* StripeIdentity */; };
		05AD06A52CB1C25C008D1CB4 /* StripePaymentSheet in Frameworks */ = {isa = PBXBuildFile; productRef = 05AD06A42CB1C25C008D1CB4 /* StripePaymentSheet */; };
		05AD06A72CB1C25C008D1CB4 /* StripePayments in Frameworks */ = {isa = PBXBuildFile; productRef = 05AD06A62CB1C25C008D1CB4 /* StripePayments */; };
		05AD06A92CB1C25C008D1CB4 /* StripePaymentsUI in Frameworks */ = {isa = PBXBuildFile; productRef = 05AD06A82CB1C25C008D1CB4 /* StripePaymentsUI */; };
		05C019B22C9CAFD1002E5A86 /* OrderSummary.swift in Sources */ = {isa = PBXBuildFile; fileRef = 05C019B12C9CAFD1002E5A86 /* OrderSummary.swift */; };
		05E9DACB2CD6A97F001A9722 /* Member.swift in Sources */ = {isa = PBXBuildFile; fileRef = 05E9DACA2CD6A97F001A9722 /* Member.swift */; };
/* End PBXBuildFile section */

/* Begin PBXContainerItemProxy section */
		0531F10D2C5C0BDE00E11C1C /* PBXContainerItemProxy */ = {
			isa = PBXContainerItemProxy;
			containerPortal = 0531F0F42C5C0BDC00E11C1C /* Project object */;
			proxyType = 1;
			remoteGlobalIDString = 0531F0FB2C5C0BDC00E11C1C;
			remoteInfo = Reyes;
		};
		0531F1172C5C0BDE00E11C1C /* PBXContainerItemProxy */ = {
			isa = PBXContainerItemProxy;
			containerPortal = 0531F0F42C5C0BDC00E11C1C /* Project object */;
			proxyType = 1;
			remoteGlobalIDString = 0531F0FB2C5C0BDC00E11C1C;
			remoteInfo = Reyes;
		};
/* End PBXContainerItemProxy section */

/* Begin PBXFileReference section */
		05099E4F2C9B33AF00BF00EF /* UserInfo.swift */ = {isa = PBXFileReference; lastKnownFileType = sourcecode.swift; path = UserInfo.swift; sourceTree = "<group>"; };
		05099E512C9B417800BF00EF /* CartProductRow.swift */ = {isa = PBXFileReference; lastKnownFileType = sourcecode.swift; path = CartProductRow.swift; sourceTree = "<group>"; };
		05099E532C9B48CC00BF00EF /* CartSummary.swift */ = {isa = PBXFileReference; lastKnownFileType = sourcecode.swift; path = CartSummary.swift; sourceTree = "<group>"; };
		05281D662C9A372F00FCFC5E /* Model.xcdatamodel */ = {isa = PBXFileReference; lastKnownFileType = wrapper.xcdatamodel; path = Model.xcdatamodel; sourceTree = "<group>"; };
		05281D6A2C9A3C5D00FCFC5E /* CoreDataStack.swift */ = {isa = PBXFileReference; lastKnownFileType = sourcecode.swift; path = CoreDataStack.swift; sourceTree = "<group>"; };
		05281D6F2C9A41A900FCFC5E /* Cart.swift */ = {isa = PBXFileReference; lastKnownFileType = sourcecode.swift; path = Cart.swift; sourceTree = "<group>"; };
		0529FDDE2CB3010B00AE971D /* PaymentModel.swift */ = {isa = PBXFileReference; lastKnownFileType = sourcecode.swift; path = PaymentModel.swift; sourceTree = "<group>"; };
		0529FDE02CB321E900AE971D /* CongratsView.swift */ = {isa = PBXFileReference; lastKnownFileType = sourcecode.swift; path = CongratsView.swift; sourceTree = "<group>"; };
		0531F0FC2C5C0BDC00E11C1C /* Reyes.app */ = {isa = PBXFileReference; explicitFileType = wrapper.application; includeInIndex = 0; path = Reyes.app; sourceTree = BUILT_PRODUCTS_DIR; };
		0531F0FF2C5C0BDC00E11C1C /* ReyesApp.swift */ = {isa = PBXFileReference; lastKnownFileType = sourcecode.swift; path = ReyesApp.swift; sourceTree = "<group>"; };
		0531F1012C5C0BDC00E11C1C /* ContentView.swift */ = {isa = PBXFileReference; lastKnownFileType = sourcecode.swift; path = ContentView.swift; sourceTree = "<group>"; };
		0531F1032C5C0BDE00E11C1C /* Assets.xcassets */ = {isa = PBXFileReference; lastKnownFileType = folder.assetcatalog; path = Assets.xcassets; sourceTree = "<group>"; };
		0531F1062C5C0BDE00E11C1C /* Preview Assets.xcassets */ = {isa = PBXFileReference; lastKnownFileType = folder.assetcatalog; path = "Preview Assets.xcassets"; sourceTree = "<group>"; };
		0531F10C2C5C0BDE00E11C1C /* ReyesTests.xctest */ = {isa = PBXFileReference; explicitFileType = wrapper.cfbundle; includeInIndex = 0; path = ReyesTests.xctest; sourceTree = BUILT_PRODUCTS_DIR; };
		0531F1102C5C0BDE00E11C1C /* ReyesTests.swift */ = {isa = PBXFileReference; lastKnownFileType = sourcecode.swift; path = ReyesTests.swift; sourceTree = "<group>"; };
		0531F1162C5C0BDE00E11C1C /* ReyesUITests.xctest */ = {isa = PBXFileReference; explicitFileType = wrapper.cfbundle; includeInIndex = 0; path = ReyesUITests.xctest; sourceTree = BUILT_PRODUCTS_DIR; };
		0531F11A2C5C0BDE00E11C1C /* ReyesUITests.swift */ = {isa = PBXFileReference; lastKnownFileType = sourcecode.swift; path = ReyesUITests.swift; sourceTree = "<group>"; };
		0531F11C2C5C0BDE00E11C1C /* ReyesUITestsLaunchTests.swift */ = {isa = PBXFileReference; lastKnownFileType = sourcecode.swift; path = ReyesUITestsLaunchTests.swift; sourceTree = "<group>"; };
		0531F1292C5C0C2500E11C1C /* GoogleService-Info.plist */ = {isa = PBXFileReference; fileEncoding = 4; lastKnownFileType = text.plist.xml; path = "GoogleService-Info.plist"; sourceTree = "<group>"; };
		0531F1302C5C6B9F00E11C1C /* FetchImagesTest.swift */ = {isa = PBXFileReference; lastKnownFileType = sourcecode.swift; path = FetchImagesTest.swift; sourceTree = "<group>"; };
		0531F1462C5C6E3A00E11C1C /* ActualGame.swift */ = {isa = PBXFileReference; fileEncoding = 4; lastKnownFileType = sourcecode.swift; path = ActualGame.swift; sourceTree = "<group>"; };
		0531F1472C5C6E3A00E11C1C /* Game.swift */ = {isa = PBXFileReference; fileEncoding = 4; lastKnownFileType = sourcecode.swift; path = Game.swift; sourceTree = "<group>"; };
		0531F1482C5C6E3A00E11C1C /* ModelData.swift */ = {isa = PBXFileReference; fileEncoding = 4; lastKnownFileType = sourcecode.swift; path = ModelData.swift; sourceTree = "<group>"; };
		0531F1492C5C6E3A00E11C1C /* Noticia.swift */ = {isa = PBXFileReference; fileEncoding = 4; lastKnownFileType = sourcecode.swift; path = Noticia.swift; sourceTree = "<group>"; };
		0531F14A2C5C6E3A00E11C1C /* Player.swift */ = {isa = PBXFileReference; fileEncoding = 4; lastKnownFileType = sourcecode.swift; path = Player.swift; sourceTree = "<group>"; };
		0531F14B2C5C6E3A00E11C1C /* Product.swift */ = {isa = PBXFileReference; fileEncoding = 4; lastKnownFileType = sourcecode.swift; path = Product.swift; sourceTree = "<group>"; };
		0531F14C2C5C6E3A00E11C1C /* RewardInstruction.swift */ = {isa = PBXFileReference; fileEncoding = 4; lastKnownFileType = sourcecode.swift; path = RewardInstruction.swift; sourceTree = "<group>"; };
		0531F14D2C5C6E3A00E11C1C /* StaffMember.swift */ = {isa = PBXFileReference; fileEncoding = 4; lastKnownFileType = sourcecode.swift; path = StaffMember.swift; sourceTree = "<group>"; };
		0531F14E2C5C6E3A00E11C1C /* Update.swift */ = {isa = PBXFileReference; fileEncoding = 4; lastKnownFileType = sourcecode.swift; path = Update.swift; sourceTree = "<group>"; };
		0531F1592C5C6E5100E11C1C /* HomeView.swift */ = {isa = PBXFileReference; fileEncoding = 4; lastKnownFileType = sourcecode.swift; path = HomeView.swift; sourceTree = "<group>"; };
		0531F15A2C5C6E5100E11C1C /* NextGameView.swift */ = {isa = PBXFileReference; fileEncoding = 4; lastKnownFileType = sourcecode.swift; path = NextGameView.swift; sourceTree = "<group>"; };
		0531F15B2C5C6E5100E11C1C /* Rewards.swift */ = {isa = PBXFileReference; fileEncoding = 4; lastKnownFileType = sourcecode.swift; path = Rewards.swift; sourceTree = "<group>"; };
		0531F15C2C5C6E5100E11C1C /* RewardsOnboarding.swift */ = {isa = PBXFileReference; fileEncoding = 4; lastKnownFileType = sourcecode.swift; path = RewardsOnboarding.swift; sourceTree = "<group>"; };
		0531F15D2C5C6E5100E11C1C /* Updates.swift */ = {isa = PBXFileReference; fileEncoding = 4; lastKnownFileType = sourcecode.swift; path = Updates.swift; sourceTree = "<group>"; };
		0531F15F2C5C6E5200E11C1C /* CustomTabBar.swift */ = {isa = PBXFileReference; fileEncoding = 4; lastKnownFileType = sourcecode.swift; path = CustomTabBar.swift; sourceTree = "<group>"; };
		0531F1602C5C6E5200E11C1C /* Main.swift */ = {isa = PBXFileReference; fileEncoding = 4; lastKnownFileType = sourcecode.swift; path = Main.swift; sourceTree = "<group>"; };
		0531F1612C5C6E5200E11C1C /* TopBar.swift */ = {isa = PBXFileReference; fileEncoding = 4; lastKnownFileType = sourcecode.swift; path = TopBar.swift; sourceTree = "<group>"; };
		0531F1632C5C6E5200E11C1C /* Carousel.swift */ = {isa = PBXFileReference; fileEncoding = 4; lastKnownFileType = sourcecode.swift; path = Carousel.swift; sourceTree = "<group>"; };
		0531F1642C5C6E5200E11C1C /* CircleImage.swift */ = {isa = PBXFileReference; fileEncoding = 4; lastKnownFileType = sourcecode.swift; path = CircleImage.swift; sourceTree = "<group>"; };
		0531F1652C5C6E5200E11C1C /* VideoView.swift */ = {isa = PBXFileReference; fileEncoding = 4; lastKnownFileType = sourcecode.swift; path = VideoView.swift; sourceTree = "<group>"; };
		0531F1672C5C6E5200E11C1C /* RosterDetail.swift */ = {isa = PBXFileReference; fileEncoding = 4; lastKnownFileType = sourcecode.swift; path = RosterDetail.swift; sourceTree = "<group>"; };
		0531F1682C5C6E5200E11C1C /* RosterList.swift */ = {isa = PBXFileReference; fileEncoding = 4; lastKnownFileType = sourcecode.swift; path = RosterList.swift; sourceTree = "<group>"; };
		0531F1692C5C6E5200E11C1C /* RosterRow.swift */ = {isa = PBXFileReference; fileEncoding = 4; lastKnownFileType = sourcecode.swift; path = RosterRow.swift; sourceTree = "<group>"; };
		0531F16A2C5C6E5200E11C1C /* StaffMemberDetail.swift */ = {isa = PBXFileReference; fileEncoding = 4; lastKnownFileType = sourcecode.swift; path = StaffMemberDetail.swift; sourceTree = "<group>"; };
		0531F16B2C5C6E5200E11C1C /* StaffMemberRow.swift */ = {isa = PBXFileReference; fileEncoding = 4; lastKnownFileType = sourcecode.swift; path = StaffMemberRow.swift; sourceTree = "<group>"; };
		0531F16D2C5C6E5200E11C1C /* ProductDetail.swift */ = {isa = PBXFileReference; fileEncoding = 4; lastKnownFileType = sourcecode.swift; path = ProductDetail.swift; sourceTree = "<group>"; };
		0531F16E2C5C6E5200E11C1C /* ProductRow.swift */ = {isa = PBXFileReference; fileEncoding = 4; lastKnownFileType = sourcecode.swift; path = ProductRow.swift; sourceTree = "<group>"; };
		0531F16F2C5C6E5200E11C1C /* ProductsList.swift */ = {isa = PBXFileReference; fileEncoding = 4; lastKnownFileType = sourcecode.swift; path = ProductsList.swift; sourceTree = "<group>"; };
		0531F1712C5C6E5200E11C1C /* Calendar.swift */ = {isa = PBXFileReference; fileEncoding = 4; lastKnownFileType = sourcecode.swift; path = Calendar.swift; sourceTree = "<group>"; };
		0531F1722C5C6E5200E11C1C /* GameDetail.swift */ = {isa = PBXFileReference; fileEncoding = 4; lastKnownFileType = sourcecode.swift; path = GameDetail.swift; sourceTree = "<group>"; };
		0531F1732C5C6E5200E11C1C /* GameView.swift */ = {isa = PBXFileReference; fileEncoding = 4; lastKnownFileType = sourcecode.swift; path = GameView.swift; sourceTree = "<group>"; };
		0531F1752C5C6E5200E11C1C /* NewDetail.swift */ = {isa = PBXFileReference; fileEncoding = 4; lastKnownFileType = sourcecode.swift; path = NewDetail.swift; sourceTree = "<group>"; };
		0531F1762C5C6E5200E11C1C /* NewRow.swift */ = {isa = PBXFileReference; fileEncoding = 4; lastKnownFileType = sourcecode.swift; path = NewRow.swift; sourceTree = "<group>"; };
		0563093A2CD3E583005056C0 /* AuthenticationViewModel.swift */ = {isa = PBXFileReference; lastKnownFileType = sourcecode.swift; path = AuthenticationViewModel.swift; sourceTree = "<group>"; };
		0563093B2CD3E583005056C0 /* AuthenticatedView.swift */ = {isa = PBXFileReference; lastKnownFileType = sourcecode.swift; path = AuthenticatedView.swift; sourceTree = "<group>"; };
		0563093C2CD3E583005056C0 /* AuthenticationView.swift */ = {isa = PBXFileReference; lastKnownFileType = sourcecode.swift; path = AuthenticationView.swift; sourceTree = "<group>"; };
		0563093D2CD3E583005056C0 /* LoginView.swift */ = {isa = PBXFileReference; lastKnownFileType = sourcecode.swift; path = LoginView.swift; sourceTree = "<group>"; };
		0563093E2CD3E583005056C0 /* SignupView.swift */ = {isa = PBXFileReference; lastKnownFileType = sourcecode.swift; path = SignupView.swift; sourceTree = "<group>"; };
		0563093F2CD3E583005056C0 /* UserProfileView.swift */ = {isa = PBXFileReference; lastKnownFileType = sourcecode.swift; path = UserProfileView.swift; sourceTree = "<group>"; };
		058039BE2C93696000EE6E36 /* VersionUpdateManager.swift */ = {isa = PBXFileReference; lastKnownFileType = sourcecode.swift; path = VersionUpdateManager.swift; sourceTree = "<group>"; };
		058039C32C9369DC00EE6E36 /* VersionUpdate.swift */ = {isa = PBXFileReference; lastKnownFileType = sourcecode.swift; path = VersionUpdate.swift; sourceTree = "<group>"; };
		058508042C7ED3B300478E26 /* Colors.swift */ = {isa = PBXFileReference; lastKnownFileType = sourcecode.swift; path = Colors.swift; sourceTree = "<group>"; };
		05995F9C2CC465E800CC200A /* Adress.swift */ = {isa = PBXFileReference; lastKnownFileType = sourcecode.swift; path = Adress.swift; sourceTree = "<group>"; };
		05995F9E2CC4700C00CC200A /* CartProduct.swift */ = {isa = PBXFileReference; lastKnownFileType = sourcecode.swift; path = CartProduct.swift; sourceTree = "<group>"; };
		059E77742C7BABF500C11C00 /* UploadButtons.swift */ = {isa = PBXFileReference; lastKnownFileType = sourcecode.swift; path = UploadButtons.swift; sourceTree = "<group>"; };
		059E77772C7BC08E00C11C00 /* FetchingView.swift */ = {isa = PBXFileReference; lastKnownFileType = sourcecode.swift; path = FetchingView.swift; sourceTree = "<group>"; };
		059E777A2C7BC5B000C11C00 /* AppViewModel.swift */ = {isa = PBXFileReference; lastKnownFileType = sourcecode.swift; path = AppViewModel.swift; sourceTree = "<group>"; };
		059F24A22C5D2C3500B0EC85 /* DownloadedImage.swift */ = {isa = PBXFileReference; lastKnownFileType = sourcecode.swift; path = DownloadedImage.swift; sourceTree = "<group>"; };
		05A55F562C9E014C008044C5 /* ArticleImage.swift */ = {isa = PBXFileReference; lastKnownFileType = sourcecode.swift; path = ArticleImage.swift; sourceTree = "<group>"; };
		05A55F592C9E06C8008044C5 /* Academy.swift */ = {isa = PBXFileReference; lastKnownFileType = sourcecode.swift; path = Academy.swift; sourceTree = "<group>"; };
		05A55F5B2C9E1169008044C5 /* Info.plist */ = {isa = PBXFileReference; lastKnownFileType = text.plist; path = Info.plist; sourceTree = "<group>"; };
		05A85AC02C979A9100C87ADE /* remote_config_defaults.plist */ = {isa = PBXFileReference; fileEncoding = 4; lastKnownFileType = text.plist.xml; path = remote_config_defaults.plist; sourceTree = "<group>"; };
		05A85AC32C97DCD200C87ADE /* String+Extension.swift */ = {isa = PBXFileReference; lastKnownFileType = sourcecode.swift; path = "String+Extension.swift"; sourceTree = "<group>"; };
		05AD06972CB1A408008D1CB4 /* PaymentView.swift */ = {isa = PBXFileReference; lastKnownFileType = sourcecode.swift; path = PaymentView.swift; sourceTree = "<group>"; };
		05C019B12C9CAFD1002E5A86 /* OrderSummary.swift */ = {isa = PBXFileReference; lastKnownFileType = sourcecode.swift; path = OrderSummary.swift; sourceTree = "<group>"; };
		05E9DACA2CD6A97F001A9722 /* Member.swift */ = {isa = PBXFileReference; lastKnownFileType = sourcecode.swift; path = Member.swift; sourceTree = "<group>"; };
/* End PBXFileReference section */

/* Begin PBXFrameworksBuildPhase section */
		0531F0F92C5C0BDC00E11C1C /* Frameworks */ = {
			isa = PBXFrameworksBuildPhase;
			buildActionMask = 2147483647;
			files = (
				0531F12E2C5C0ED500E11C1C /* FirebaseStorage in Frameworks */,
				0554D14B2C925D5600BE33C3 /* FirebaseCrashlytics in Frameworks */,
				059E77712C7B894D00C11C00 /* FirebaseFirestore in Frameworks */,
				0554D1492C925D4A00BE33C3 /* FirebaseAnalytics in Frameworks */,
				05AD06A12CB1C25C008D1CB4 /* StripeFinancialConnections in Frameworks */,
				05AD06A72CB1C25C008D1CB4 /* StripePayments in Frameworks */,
				058039C12C93698300EE6E36 /* FirebaseRemoteConfig in Frameworks */,
				05AD06A32CB1C25C008D1CB4 /* StripeIdentity in Frameworks */,
				05AD069B2CB1C25C008D1CB4 /* Stripe in Frameworks */,
				05AD06A52CB1C25C008D1CB4 /* StripePaymentSheet in Frameworks */,
				056309392CD3E359005056C0 /* FirebaseAuth in Frameworks */,
				05AD06A92CB1C25C008D1CB4 /* StripePaymentsUI in Frameworks */,
				05AD069D2CB1C25C008D1CB4 /* StripeApplePay in Frameworks */,
			);
			runOnlyForDeploymentPostprocessing = 0;
		};
		0531F1092C5C0BDE00E11C1C /* Frameworks */ = {
			isa = PBXFrameworksBuildPhase;
			buildActionMask = 2147483647;
			files = (
			);
			runOnlyForDeploymentPostprocessing = 0;
		};
		0531F1132C5C0BDE00E11C1C /* Frameworks */ = {
			isa = PBXFrameworksBuildPhase;
			buildActionMask = 2147483647;
			files = (
			);
			runOnlyForDeploymentPostprocessing = 0;
		};
/* End PBXFrameworksBuildPhase section */

/* Begin PBXGroup section */
		05281D642C9A370D00FCFC5E /* CoreData */ = {
			isa = PBXGroup;
			children = (
				05281D652C9A372F00FCFC5E /* Model.xcdatamodeld */,
				05281D6A2C9A3C5D00FCFC5E /* CoreDataStack.swift */,
			);
			path = CoreData;
			sourceTree = "<group>";
		};
		05281D6C2C9A417E00FCFC5E /* Cart */ = {
			isa = PBXGroup;
			children = (
				05281D6F2C9A41A900FCFC5E /* Cart.swift */,
				05099E4F2C9B33AF00BF00EF /* UserInfo.swift */,
				05099E512C9B417800BF00EF /* CartProductRow.swift */,
				05099E532C9B48CC00BF00EF /* CartSummary.swift */,
				05C019B12C9CAFD1002E5A86 /* OrderSummary.swift */,
				0529FDE02CB321E900AE971D /* CongratsView.swift */,
			);
			path = Cart;
			sourceTree = "<group>";
		};
		0531F0F32C5C0BDC00E11C1C = {
			isa = PBXGroup;
			children = (
				0531F0FE2C5C0BDC00E11C1C /* Reyes */,
				0531F10F2C5C0BDE00E11C1C /* ReyesTests */,
				0531F1192C5C0BDE00E11C1C /* ReyesUITests */,
				0531F0FD2C5C0BDC00E11C1C /* Products */,
				0531F12C2C5C0ED500E11C1C /* Frameworks */,
			);
			sourceTree = "<group>";
		};
		0531F0FD2C5C0BDC00E11C1C /* Products */ = {
			isa = PBXGroup;
			children = (
				0531F0FC2C5C0BDC00E11C1C /* Reyes.app */,
				0531F10C2C5C0BDE00E11C1C /* ReyesTests.xctest */,
				0531F1162C5C0BDE00E11C1C /* ReyesUITests.xctest */,
			);
			name = Products;
			sourceTree = "<group>";
		};
		0531F0FE2C5C0BDC00E11C1C /* Reyes */ = {
			isa = PBXGroup;
			children = (
				05A55F5B2C9E1169008044C5 /* Info.plist */,
				05281D642C9A370D00FCFC5E /* CoreData */,
				05A85AC22C97DCA200C87ADE /* Extensions */,
				058039BD2C93693600EE6E36 /* Managers */,
				059E77792C7BC59F00C11C00 /* ViewModel */,
				0531F14F2C5C6E3A00E11C1C /* Model */,
				0531F13B2C5C6E2500E11C1C /* Resources */,
				0531F12F2C5C6B7800E11C1C /* Views */,
				0531F1292C5C0C2500E11C1C /* GoogleService-Info.plist */,
				05A85AC02C979A9100C87ADE /* remote_config_defaults.plist */,
				0531F0FF2C5C0BDC00E11C1C /* ReyesApp.swift */,
				0531F1012C5C0BDC00E11C1C /* ContentView.swift */,
				0531F1032C5C0BDE00E11C1C /* Assets.xcassets */,
				0531F1052C5C0BDE00E11C1C /* Preview Content */,
			);
			path = Reyes;
			sourceTree = "<group>";
		};
		0531F1052C5C0BDE00E11C1C /* Preview Content */ = {
			isa = PBXGroup;
			children = (
				0531F1062C5C0BDE00E11C1C /* Preview Assets.xcassets */,
			);
			path = "Preview Content";
			sourceTree = "<group>";
		};
		0531F10F2C5C0BDE00E11C1C /* ReyesTests */ = {
			isa = PBXGroup;
			children = (
				0531F1102C5C0BDE00E11C1C /* ReyesTests.swift */,
			);
			path = ReyesTests;
			sourceTree = "<group>";
		};
		0531F1192C5C0BDE00E11C1C /* ReyesUITests */ = {
			isa = PBXGroup;
			children = (
				0531F11A2C5C0BDE00E11C1C /* ReyesUITests.swift */,
				0531F11C2C5C0BDE00E11C1C /* ReyesUITestsLaunchTests.swift */,
			);
			path = ReyesUITests;
			sourceTree = "<group>";
		};
		0531F12C2C5C0ED500E11C1C /* Frameworks */ = {
			isa = PBXGroup;
			children = (
			);
			name = Frameworks;
			sourceTree = "<group>";
		};
		0531F12F2C5C6B7800E11C1C /* Views */ = {
			isa = PBXGroup;
			children = (
				056309402CD3E583005056C0 /* Auth */,
				05A55F582C9E06B9008044C5 /* Academy */,
				059E77762C7BC07500C11C00 /* Errors */,
				0531F1742C5C6E5200E11C1C /* Calendar */,
				0531F15E2C5C6E5100E11C1C /* Home */,
				0531F1622C5C6E5200E11C1C /* Main */,
				0531F1782C5C6E5200E11C1C /* News */,
				0531F1662C5C6E5200E11C1C /* ReusableViews */,
				0531F16C2C5C6E5200E11C1C /* Roster */,
				0531F1702C5C6E5200E11C1C /* Shop */,
				0531F1302C5C6B9F00E11C1C /* FetchImagesTest.swift */,
			);
			path = Views;
			sourceTree = "<group>";
		};
		0531F13B2C5C6E2500E11C1C /* Resources */ = {
			isa = PBXGroup;
			children = (
			);
			path = Resources;
			sourceTree = "<group>";
		};
		0531F14F2C5C6E3A00E11C1C /* Model */ = {
			isa = PBXGroup;
			children = (
				0531F1462C5C6E3A00E11C1C /* ActualGame.swift */,
				0531F1472C5C6E3A00E11C1C /* Game.swift */,
				0531F1482C5C6E3A00E11C1C /* ModelData.swift */,
				0531F1492C5C6E3A00E11C1C /* Noticia.swift */,
				0531F14A2C5C6E3A00E11C1C /* Player.swift */,
				0531F14B2C5C6E3A00E11C1C /* Product.swift */,
				0531F14C2C5C6E3A00E11C1C /* RewardInstruction.swift */,
				0531F14D2C5C6E3A00E11C1C /* StaffMember.swift */,
				0531F14E2C5C6E3A00E11C1C /* Update.swift */,
				058039C32C9369DC00EE6E36 /* VersionUpdate.swift */,
				0529FDDE2CB3010B00AE971D /* PaymentModel.swift */,
				05995F9C2CC465E800CC200A /* Adress.swift */,
				05995F9E2CC4700C00CC200A /* CartProduct.swift */,
				05E9DACA2CD6A97F001A9722 /* Member.swift */,
			);
			path = Model;
			sourceTree = "<group>";
		};
		0531F15E2C5C6E5100E11C1C /* Home */ = {
			isa = PBXGroup;
			children = (
				0531F1592C5C6E5100E11C1C /* HomeView.swift */,
				0531F15A2C5C6E5100E11C1C /* NextGameView.swift */,
				0531F15B2C5C6E5100E11C1C /* Rewards.swift */,
				0531F15C2C5C6E5100E11C1C /* RewardsOnboarding.swift */,
				0531F15D2C5C6E5100E11C1C /* Updates.swift */,
				059E77742C7BABF500C11C00 /* UploadButtons.swift */,
			);
			path = Home;
			sourceTree = "<group>";
		};
		0531F1622C5C6E5200E11C1C /* Main */ = {
			isa = PBXGroup;
			children = (
				0531F15F2C5C6E5200E11C1C /* CustomTabBar.swift */,
				0531F1602C5C6E5200E11C1C /* Main.swift */,
				0531F1612C5C6E5200E11C1C /* TopBar.swift */,
			);
			path = Main;
			sourceTree = "<group>";
		};
		0531F1662C5C6E5200E11C1C /* ReusableViews */ = {
			isa = PBXGroup;
			children = (
				0531F1632C5C6E5200E11C1C /* Carousel.swift */,
				0531F1642C5C6E5200E11C1C /* CircleImage.swift */,
				0531F1652C5C6E5200E11C1C /* VideoView.swift */,
				059F24A22C5D2C3500B0EC85 /* DownloadedImage.swift */,
				058508042C7ED3B300478E26 /* Colors.swift */,
				05A55F562C9E014C008044C5 /* ArticleImage.swift */,
			);
			path = ReusableViews;
			sourceTree = "<group>";
		};
		0531F16C2C5C6E5200E11C1C /* Roster */ = {
			isa = PBXGroup;
			children = (
				0531F1672C5C6E5200E11C1C /* RosterDetail.swift */,
				0531F1682C5C6E5200E11C1C /* RosterList.swift */,
				0531F1692C5C6E5200E11C1C /* RosterRow.swift */,
				0531F16A2C5C6E5200E11C1C /* StaffMemberDetail.swift */,
				0531F16B2C5C6E5200E11C1C /* StaffMemberRow.swift */,
			);
			path = Roster;
			sourceTree = "<group>";
		};
		0531F1702C5C6E5200E11C1C /* Shop */ = {
			isa = PBXGroup;
			children = (
				05AD06962CB1A3F4008D1CB4 /* Payment */,
				05281D6C2C9A417E00FCFC5E /* Cart */,
				0531F16D2C5C6E5200E11C1C /* ProductDetail.swift */,
				0531F16E2C5C6E5200E11C1C /* ProductRow.swift */,
				0531F16F2C5C6E5200E11C1C /* ProductsList.swift */,
			);
			path = Shop;
			sourceTree = "<group>";
		};
		0531F1742C5C6E5200E11C1C /* Calendar */ = {
			isa = PBXGroup;
			children = (
				0531F1712C5C6E5200E11C1C /* Calendar.swift */,
				0531F1722C5C6E5200E11C1C /* GameDetail.swift */,
				0531F1732C5C6E5200E11C1C /* GameView.swift */,
			);
			path = Calendar;
			sourceTree = "<group>";
		};
		0531F1782C5C6E5200E11C1C /* News */ = {
			isa = PBXGroup;
			children = (
				0531F1752C5C6E5200E11C1C /* NewDetail.swift */,
				0531F1762C5C6E5200E11C1C /* NewRow.swift */,
			);
			path = News;
			sourceTree = "<group>";
		};
		056309402CD3E583005056C0 /* Auth */ = {
			isa = PBXGroup;
			children = (
				0563093A2CD3E583005056C0 /* AuthenticationViewModel.swift */,
				0563093B2CD3E583005056C0 /* AuthenticatedView.swift */,
				0563093C2CD3E583005056C0 /* AuthenticationView.swift */,
				0563093D2CD3E583005056C0 /* LoginView.swift */,
				0563093E2CD3E583005056C0 /* SignupView.swift */,
				0563093F2CD3E583005056C0 /* UserProfileView.swift */,
			);
			path = Auth;
			sourceTree = "<group>";
		};
		058039BD2C93693600EE6E36 /* Managers */ = {
			isa = PBXGroup;
			children = (
				058039BE2C93696000EE6E36 /* VersionUpdateManager.swift */,
			);
			path = Managers;
			sourceTree = "<group>";
		};
		059E77762C7BC07500C11C00 /* Errors */ = {
			isa = PBXGroup;
			children = (
				059E77772C7BC08E00C11C00 /* FetchingView.swift */,
			);
			path = Errors;
			sourceTree = "<group>";
		};
		059E77792C7BC59F00C11C00 /* ViewModel */ = {
			isa = PBXGroup;
			children = (
				059E777A2C7BC5B000C11C00 /* AppViewModel.swift */,
			);
			path = ViewModel;
			sourceTree = "<group>";
		};
		05A55F582C9E06B9008044C5 /* Academy */ = {
			isa = PBXGroup;
			children = (
				05A55F592C9E06C8008044C5 /* Academy.swift */,
			);
			path = Academy;
			sourceTree = "<group>";
		};
		05A85AC22C97DCA200C87ADE /* Extensions */ = {
			isa = PBXGroup;
			children = (
				05A85AC32C97DCD200C87ADE /* String+Extension.swift */,
			);
			path = Extensions;
			sourceTree = "<group>";
		};
		05AD06962CB1A3F4008D1CB4 /* Payment */ = {
			isa = PBXGroup;
			children = (
				05AD06972CB1A408008D1CB4 /* PaymentView.swift */,
			);
			path = Payment;
			sourceTree = "<group>";
		};
/* End PBXGroup section */

/* Begin PBXNativeTarget section */
		0531F0FB2C5C0BDC00E11C1C /* Reyes */ = {
			isa = PBXNativeTarget;
			buildConfigurationList = 0531F1202C5C0BDE00E11C1C /* Build configuration list for PBXNativeTarget "Reyes" */;
			buildPhases = (
				0531F0F82C5C0BDC00E11C1C /* Sources */,
				0531F0F92C5C0BDC00E11C1C /* Frameworks */,
				0531F0FA2C5C0BDC00E11C1C /* Resources */,
				0554D14C2C925FCA00BE33C3 /* ShellScript */,
			);
			buildRules = (
			);
			dependencies = (
			);
			name = Reyes;
			packageProductDependencies = (
				0531F12D2C5C0ED500E11C1C /* FirebaseStorage */,
				059E77702C7B894D00C11C00 /* FirebaseFirestore */,
				0554D1482C925D4A00BE33C3 /* FirebaseAnalytics */,
				0554D14A2C925D5600BE33C3 /* FirebaseCrashlytics */,
				058039C02C93698300EE6E36 /* FirebaseRemoteConfig */,
				05AD069A2CB1C25C008D1CB4 /* Stripe */,
				05AD069C2CB1C25C008D1CB4 /* StripeApplePay */,
				05AD06A02CB1C25C008D1CB4 /* StripeFinancialConnections */,
				05AD06A22CB1C25C008D1CB4 /* StripeIdentity */,
				05AD06A42CB1C25C008D1CB4 /* StripePaymentSheet */,
				05AD06A62CB1C25C008D1CB4 /* StripePayments */,
				05AD06A82CB1C25C008D1CB4 /* StripePaymentsUI */,
				056309382CD3E359005056C0 /* FirebaseAuth */,
			);
			productName = Reyes;
			productReference = 0531F0FC2C5C0BDC00E11C1C /* Reyes.app */;
			productType = "com.apple.product-type.application";
		};
		0531F10B2C5C0BDE00E11C1C /* ReyesTests */ = {
			isa = PBXNativeTarget;
			buildConfigurationList = 0531F1232C5C0BDE00E11C1C /* Build configuration list for PBXNativeTarget "ReyesTests" */;
			buildPhases = (
				0531F1082C5C0BDE00E11C1C /* Sources */,
				0531F1092C5C0BDE00E11C1C /* Frameworks */,
				0531F10A2C5C0BDE00E11C1C /* Resources */,
			);
			buildRules = (
			);
			dependencies = (
				0531F10E2C5C0BDE00E11C1C /* PBXTargetDependency */,
			);
			name = ReyesTests;
			productName = ReyesTests;
			productReference = 0531F10C2C5C0BDE00E11C1C /* ReyesTests.xctest */;
			productType = "com.apple.product-type.bundle.unit-test";
		};
		0531F1152C5C0BDE00E11C1C /* ReyesUITests */ = {
			isa = PBXNativeTarget;
			buildConfigurationList = 0531F1262C5C0BDE00E11C1C /* Build configuration list for PBXNativeTarget "ReyesUITests" */;
			buildPhases = (
				0531F1122C5C0BDE00E11C1C /* Sources */,
				0531F1132C5C0BDE00E11C1C /* Frameworks */,
				0531F1142C5C0BDE00E11C1C /* Resources */,
			);
			buildRules = (
			);
			dependencies = (
				0531F1182C5C0BDE00E11C1C /* PBXTargetDependency */,
			);
			name = ReyesUITests;
			productName = ReyesUITests;
			productReference = 0531F1162C5C0BDE00E11C1C /* ReyesUITests.xctest */;
			productType = "com.apple.product-type.bundle.ui-testing";
		};
/* End PBXNativeTarget section */

/* Begin PBXProject section */
		0531F0F42C5C0BDC00E11C1C /* Project object */ = {
			isa = PBXProject;
			attributes = {
				BuildIndependentTargetsInParallel = 1;
				LastSwiftUpdateCheck = 1540;
				LastUpgradeCheck = 1540;
				TargetAttributes = {
					0531F0FB2C5C0BDC00E11C1C = {
						CreatedOnToolsVersion = 15.4;
					};
					0531F10B2C5C0BDE00E11C1C = {
						CreatedOnToolsVersion = 15.4;
						TestTargetID = 0531F0FB2C5C0BDC00E11C1C;
					};
					0531F1152C5C0BDE00E11C1C = {
						CreatedOnToolsVersion = 15.4;
						TestTargetID = 0531F0FB2C5C0BDC00E11C1C;
					};
				};
			};
			buildConfigurationList = 0531F0F72C5C0BDC00E11C1C /* Build configuration list for PBXProject "Reyes" */;
			compatibilityVersion = "Xcode 15.0";
			developmentRegion = en;
			hasScannedForEncodings = 0;
			knownRegions = (
				en,
				Base,
			);
			mainGroup = 0531F0F32C5C0BDC00E11C1C;
			packageReferences = (
				0531F12B2C5C0DF200E11C1C /* XCRemoteSwiftPackageReference "firebase-ios-sdk" */,
				05AD06992CB1C25C008D1CB4 /* XCRemoteSwiftPackageReference "stripe-ios-spm" */,
			);
			productRefGroup = 0531F0FD2C5C0BDC00E11C1C /* Products */;
			projectDirPath = "";
			projectRoot = "";
			targets = (
				0531F0FB2C5C0BDC00E11C1C /* Reyes */,
				0531F10B2C5C0BDE00E11C1C /* ReyesTests */,
				0531F1152C5C0BDE00E11C1C /* ReyesUITests */,
			);
		};
/* End PBXProject section */

/* Begin PBXResourcesBuildPhase section */
		0531F0FA2C5C0BDC00E11C1C /* Resources */ = {
			isa = PBXResourcesBuildPhase;
			buildActionMask = 2147483647;
			files = (
				0531F1072C5C0BDE00E11C1C /* Preview Assets.xcassets in Resources */,
				0531F1042C5C0BDE00E11C1C /* Assets.xcassets in Resources */,
				05A85AC12C979A9100C87ADE /* remote_config_defaults.plist in Resources */,
				0531F12A2C5C0C2500E11C1C /* GoogleService-Info.plist in Resources */,
			);
			runOnlyForDeploymentPostprocessing = 0;
		};
		0531F10A2C5C0BDE00E11C1C /* Resources */ = {
			isa = PBXResourcesBuildPhase;
			buildActionMask = 2147483647;
			files = (
			);
			runOnlyForDeploymentPostprocessing = 0;
		};
		0531F1142C5C0BDE00E11C1C /* Resources */ = {
			isa = PBXResourcesBuildPhase;
			buildActionMask = 2147483647;
			files = (
			);
			runOnlyForDeploymentPostprocessing = 0;
		};
/* End PBXResourcesBuildPhase section */

/* Begin PBXShellScriptBuildPhase section */
		0554D14C2C925FCA00BE33C3 /* ShellScript */ = {
			isa = PBXShellScriptBuildPhase;
			buildActionMask = 2147483647;
			files = (
			);
			inputFileListPaths = (
			);
			inputPaths = (
				"$(SRCROOT)/${DWARF_DSYM_FOLDER_PATH}/${DWARF_DSYM_FILE_NAME}",
				"$(SRCROOT)/${DWARF_DSYM_FOLDER_PATH}/${DWARF_DSYM_FILE_NAME}/Contents/Resources/DWARF/${PRODUCT_NAME}",
				"$(SRCROOT)/${DWARF_DSYM_FOLDER_PATH}/${DWARF_DSYM_FILE_NAME}/Contents/Info.plist",
				"$(SRCROOT)/$(TARGET_BUILD_DIR)/$(UNLOCALIZED_RESOURCES_FOLDER_PATH)/GoogleService-Info.plist",
				"$(SRCROOT)/$(TARGET_BUILD_DIR)/$(EXECUTABLE_PATH)",
			);
			outputFileListPaths = (
			);
			outputPaths = (
			);
			runOnlyForDeploymentPostprocessing = 0;
			shellPath = /bin/sh;
			shellScript = "# Type a script or drag a script file from your workspace to insert its path.\n\"${BUILD_DIR%/Build/*}/SourcePackages/checkouts/firebase-ios-sdk/Crashlytics/run\"\n";
		};
/* End PBXShellScriptBuildPhase section */

/* Begin PBXSourcesBuildPhase section */
		0531F0F82C5C0BDC00E11C1C /* Sources */ = {
			isa = PBXSourcesBuildPhase;
			buildActionMask = 2147483647;
			files = (
				0531F17B2C5C6E5200E11C1C /* Rewards.swift in Sources */,
				0531F1502C5C6E3A00E11C1C /* ActualGame.swift in Sources */,
				05995F9D2CC465E800CC200A /* Adress.swift in Sources */,
				0531F1882C5C6E5200E11C1C /* StaffMemberRow.swift in Sources */,
				0531F17E2C5C6E5200E11C1C /* CustomTabBar.swift in Sources */,
				059E77752C7BABF500C11C00 /* UploadButtons.swift in Sources */,
				0531F1862C5C6E5200E11C1C /* RosterRow.swift in Sources */,
				05281D672C9A372F00FCFC5E /* Model.xcdatamodeld in Sources */,
				05C019B22C9CAFD1002E5A86 /* OrderSummary.swift in Sources */,
				0531F17C2C5C6E5200E11C1C /* RewardsOnboarding.swift in Sources */,
				0531F1792C5C6E5200E11C1C /* HomeView.swift in Sources */,
				0531F1512C5C6E3A00E11C1C /* Game.swift in Sources */,
				0531F18D2C5C6E5200E11C1C /* GameDetail.swift in Sources */,
				05E9DACB2CD6A97F001A9722 /* Member.swift in Sources */,
				0531F1022C5C0BDC00E11C1C /* ContentView.swift in Sources */,
				058039C42C9369DC00EE6E36 /* VersionUpdate.swift in Sources */,
				058039BF2C93696000EE6E36 /* VersionUpdateManager.swift in Sources */,
				05099E522C9B417800BF00EF /* CartProductRow.swift in Sources */,
				0531F1822C5C6E5200E11C1C /* CircleImage.swift in Sources */,
				0531F1872C5C6E5200E11C1C /* StaffMemberDetail.swift in Sources */,
				0531F1812C5C6E5200E11C1C /* Carousel.swift in Sources */,
				05AD06982CB1A408008D1CB4 /* PaymentView.swift in Sources */,
				05A55F572C9E014C008044C5 /* ArticleImage.swift in Sources */,
				0531F1802C5C6E5200E11C1C /* TopBar.swift in Sources */,
				0531F1002C5C0BDC00E11C1C /* ReyesApp.swift in Sources */,
				0531F18F2C5C6E5200E11C1C /* NewDetail.swift in Sources */,
				0531F1572C5C6E3A00E11C1C /* StaffMember.swift in Sources */,
				0531F1832C5C6E5200E11C1C /* VideoView.swift in Sources */,
				0531F1842C5C6E5200E11C1C /* RosterDetail.swift in Sources */,
				0531F1852C5C6E5200E11C1C /* RosterList.swift in Sources */,
				0531F1312C5C6B9F00E11C1C /* FetchImagesTest.swift in Sources */,
				0531F17F2C5C6E5200E11C1C /* Main.swift in Sources */,
				05995F9F2CC4700C00CC200A /* CartProduct.swift in Sources */,
				05099E502C9B33AF00BF00EF /* UserInfo.swift in Sources */,
				059F24A32C5D2C3500B0EC85 /* DownloadedImage.swift in Sources */,
				0531F18A2C5C6E5200E11C1C /* ProductRow.swift in Sources */,
				05A85AC42C97DCD200C87ADE /* String+Extension.swift in Sources */,
				0529FDDF2CB3010B00AE971D /* PaymentModel.swift in Sources */,
				0531F18C2C5C6E5200E11C1C /* Calendar.swift in Sources */,
				056309412CD3E583005056C0 /* AuthenticationViewModel.swift in Sources */,
				056309422CD3E583005056C0 /* LoginView.swift in Sources */,
				056309432CD3E583005056C0 /* UserProfileView.swift in Sources */,
				056309442CD3E583005056C0 /* SignupView.swift in Sources */,
				056309452CD3E583005056C0 /* AuthenticationView.swift in Sources */,
				056309462CD3E583005056C0 /* AuthenticatedView.swift in Sources */,
				0531F1522C5C6E3A00E11C1C /* ModelData.swift in Sources */,
				059E777B2C7BC5B000C11C00 /* AppViewModel.swift in Sources */,
				0531F1902C5C6E5200E11C1C /* NewRow.swift in Sources */,
				0531F1582C5C6E3A00E11C1C /* Update.swift in Sources */,
				058508052C7ED3B300478E26 /* Colors.swift in Sources */,
				0531F1552C5C6E3A00E11C1C /* Product.swift in Sources */,
				059E77782C7BC08E00C11C00 /* FetchingView.swift in Sources */,
				05281D6B2C9A3C5D00FCFC5E /* CoreDataStack.swift in Sources */,
				05099E542C9B48CC00BF00EF /* CartSummary.swift in Sources */,
				05281D702C9A41A900FCFC5E /* Cart.swift in Sources */,
				0531F1542C5C6E3A00E11C1C /* Player.swift in Sources */,
				0531F17D2C5C6E5200E11C1C /* Updates.swift in Sources */,
				0531F1892C5C6E5200E11C1C /* ProductDetail.swift in Sources */,
				0529FDE12CB321E900AE971D /* CongratsView.swift in Sources */,
				0531F1562C5C6E3A00E11C1C /* RewardInstruction.swift in Sources */,
				0531F18B2C5C6E5200E11C1C /* ProductsList.swift in Sources */,
				05A55F5A2C9E06C8008044C5 /* Academy.swift in Sources */,
				0531F17A2C5C6E5200E11C1C /* NextGameView.swift in Sources */,
				0531F1532C5C6E3A00E11C1C /* Noticia.swift in Sources */,
				0531F18E2C5C6E5200E11C1C /* GameView.swift in Sources */,
			);
			runOnlyForDeploymentPostprocessing = 0;
		};
		0531F1082C5C0BDE00E11C1C /* Sources */ = {
			isa = PBXSourcesBuildPhase;
			buildActionMask = 2147483647;
			files = (
				0531F1112C5C0BDE00E11C1C /* ReyesTests.swift in Sources */,
			);
			runOnlyForDeploymentPostprocessing = 0;
		};
		0531F1122C5C0BDE00E11C1C /* Sources */ = {
			isa = PBXSourcesBuildPhase;
			buildActionMask = 2147483647;
			files = (
				0531F11B2C5C0BDE00E11C1C /* ReyesUITests.swift in Sources */,
				0531F11D2C5C0BDE00E11C1C /* ReyesUITestsLaunchTests.swift in Sources */,
			);
			runOnlyForDeploymentPostprocessing = 0;
		};
/* End PBXSourcesBuildPhase section */

/* Begin PBXTargetDependency section */
		0531F10E2C5C0BDE00E11C1C /* PBXTargetDependency */ = {
			isa = PBXTargetDependency;
			target = 0531F0FB2C5C0BDC00E11C1C /* Reyes */;
			targetProxy = 0531F10D2C5C0BDE00E11C1C /* PBXContainerItemProxy */;
		};
		0531F1182C5C0BDE00E11C1C /* PBXTargetDependency */ = {
			isa = PBXTargetDependency;
			target = 0531F0FB2C5C0BDC00E11C1C /* Reyes */;
			targetProxy = 0531F1172C5C0BDE00E11C1C /* PBXContainerItemProxy */;
		};
/* End PBXTargetDependency section */

/* Begin XCBuildConfiguration section */
		0531F11E2C5C0BDE00E11C1C /* Debug */ = {
			isa = XCBuildConfiguration;
			buildSettings = {
				ALWAYS_SEARCH_USER_PATHS = NO;
				ASSETCATALOG_COMPILER_GENERATE_SWIFT_ASSET_SYMBOL_EXTENSIONS = YES;
				CLANG_ANALYZER_NONNULL = YES;
				CLANG_ANALYZER_NUMBER_OBJECT_CONVERSION = YES_AGGRESSIVE;
				CLANG_CXX_LANGUAGE_STANDARD = "gnu++20";
				CLANG_ENABLE_MODULES = YES;
				CLANG_ENABLE_OBJC_ARC = YES;
				CLANG_ENABLE_OBJC_WEAK = YES;
				CLANG_WARN_BLOCK_CAPTURE_AUTORELEASING = YES;
				CLANG_WARN_BOOL_CONVERSION = YES;
				CLANG_WARN_COMMA = YES;
				CLANG_WARN_CONSTANT_CONVERSION = YES;
				CLANG_WARN_DEPRECATED_OBJC_IMPLEMENTATIONS = YES;
				CLANG_WARN_DIRECT_OBJC_ISA_USAGE = YES_ERROR;
				CLANG_WARN_DOCUMENTATION_COMMENTS = YES;
				CLANG_WARN_EMPTY_BODY = YES;
				CLANG_WARN_ENUM_CONVERSION = YES;
				CLANG_WARN_INFINITE_RECURSION = YES;
				CLANG_WARN_INT_CONVERSION = YES;
				CLANG_WARN_NON_LITERAL_NULL_CONVERSION = YES;
				CLANG_WARN_OBJC_IMPLICIT_RETAIN_SELF = YES;
				CLANG_WARN_OBJC_LITERAL_CONVERSION = YES;
				CLANG_WARN_OBJC_ROOT_CLASS = YES_ERROR;
				CLANG_WARN_QUOTED_INCLUDE_IN_FRAMEWORK_HEADER = YES;
				CLANG_WARN_RANGE_LOOP_ANALYSIS = YES;
				CLANG_WARN_STRICT_PROTOTYPES = YES;
				CLANG_WARN_SUSPICIOUS_MOVE = YES;
				CLANG_WARN_UNGUARDED_AVAILABILITY = YES_AGGRESSIVE;
				CLANG_WARN_UNREACHABLE_CODE = YES;
				CLANG_WARN__DUPLICATE_METHOD_MATCH = YES;
				COPY_PHASE_STRIP = NO;
				DEBUG_INFORMATION_FORMAT = dwarf;
				ENABLE_STRICT_OBJC_MSGSEND = YES;
				ENABLE_TESTABILITY = YES;
				ENABLE_USER_SCRIPT_SANDBOXING = YES;
				GCC_C_LANGUAGE_STANDARD = gnu17;
				GCC_DYNAMIC_NO_PIC = NO;
				GCC_NO_COMMON_BLOCKS = YES;
				GCC_OPTIMIZATION_LEVEL = 0;
				GCC_PREPROCESSOR_DEFINITIONS = (
					"DEBUG=1",
					"$(inherited)",
				);
				GCC_WARN_64_TO_32_BIT_CONVERSION = YES;
				GCC_WARN_ABOUT_RETURN_TYPE = YES_ERROR;
				GCC_WARN_UNDECLARED_SELECTOR = YES;
				GCC_WARN_UNINITIALIZED_AUTOS = YES_AGGRESSIVE;
				GCC_WARN_UNUSED_FUNCTION = YES;
				GCC_WARN_UNUSED_VARIABLE = YES;
				IPHONEOS_DEPLOYMENT_TARGET = 17.5;
				LOCALIZATION_PREFERS_STRING_CATALOGS = YES;
				MTL_ENABLE_DEBUG_INFO = INCLUDE_SOURCE;
				MTL_FAST_MATH = YES;
				ONLY_ACTIVE_ARCH = YES;
				SDKROOT = iphoneos;
				SWIFT_ACTIVE_COMPILATION_CONDITIONS = "DEBUG $(inherited)";
				SWIFT_OPTIMIZATION_LEVEL = "-Onone";
			};
			name = Debug;
		};
		0531F11F2C5C0BDE00E11C1C /* Release */ = {
			isa = XCBuildConfiguration;
			buildSettings = {
				ALWAYS_SEARCH_USER_PATHS = NO;
				ASSETCATALOG_COMPILER_GENERATE_SWIFT_ASSET_SYMBOL_EXTENSIONS = YES;
				CLANG_ANALYZER_NONNULL = YES;
				CLANG_ANALYZER_NUMBER_OBJECT_CONVERSION = YES_AGGRESSIVE;
				CLANG_CXX_LANGUAGE_STANDARD = "gnu++20";
				CLANG_ENABLE_MODULES = YES;
				CLANG_ENABLE_OBJC_ARC = YES;
				CLANG_ENABLE_OBJC_WEAK = YES;
				CLANG_WARN_BLOCK_CAPTURE_AUTORELEASING = YES;
				CLANG_WARN_BOOL_CONVERSION = YES;
				CLANG_WARN_COMMA = YES;
				CLANG_WARN_CONSTANT_CONVERSION = YES;
				CLANG_WARN_DEPRECATED_OBJC_IMPLEMENTATIONS = YES;
				CLANG_WARN_DIRECT_OBJC_ISA_USAGE = YES_ERROR;
				CLANG_WARN_DOCUMENTATION_COMMENTS = YES;
				CLANG_WARN_EMPTY_BODY = YES;
				CLANG_WARN_ENUM_CONVERSION = YES;
				CLANG_WARN_INFINITE_RECURSION = YES;
				CLANG_WARN_INT_CONVERSION = YES;
				CLANG_WARN_NON_LITERAL_NULL_CONVERSION = YES;
				CLANG_WARN_OBJC_IMPLICIT_RETAIN_SELF = YES;
				CLANG_WARN_OBJC_LITERAL_CONVERSION = YES;
				CLANG_WARN_OBJC_ROOT_CLASS = YES_ERROR;
				CLANG_WARN_QUOTED_INCLUDE_IN_FRAMEWORK_HEADER = YES;
				CLANG_WARN_RANGE_LOOP_ANALYSIS = YES;
				CLANG_WARN_STRICT_PROTOTYPES = YES;
				CLANG_WARN_SUSPICIOUS_MOVE = YES;
				CLANG_WARN_UNGUARDED_AVAILABILITY = YES_AGGRESSIVE;
				CLANG_WARN_UNREACHABLE_CODE = YES;
				CLANG_WARN__DUPLICATE_METHOD_MATCH = YES;
				COPY_PHASE_STRIP = NO;
				DEBUG_INFORMATION_FORMAT = "dwarf-with-dsym";
				ENABLE_NS_ASSERTIONS = NO;
				ENABLE_STRICT_OBJC_MSGSEND = YES;
				ENABLE_USER_SCRIPT_SANDBOXING = YES;
				GCC_C_LANGUAGE_STANDARD = gnu17;
				GCC_NO_COMMON_BLOCKS = YES;
				GCC_WARN_64_TO_32_BIT_CONVERSION = YES;
				GCC_WARN_ABOUT_RETURN_TYPE = YES_ERROR;
				GCC_WARN_UNDECLARED_SELECTOR = YES;
				GCC_WARN_UNINITIALIZED_AUTOS = YES_AGGRESSIVE;
				GCC_WARN_UNUSED_FUNCTION = YES;
				GCC_WARN_UNUSED_VARIABLE = YES;
				IPHONEOS_DEPLOYMENT_TARGET = 17.5;
				LOCALIZATION_PREFERS_STRING_CATALOGS = YES;
				MTL_ENABLE_DEBUG_INFO = NO;
				MTL_FAST_MATH = YES;
				SDKROOT = iphoneos;
				SWIFT_COMPILATION_MODE = wholemodule;
				VALIDATE_PRODUCT = YES;
			};
			name = Release;
		};
		0531F1212C5C0BDE00E11C1C /* Debug */ = {
			isa = XCBuildConfiguration;
			buildSettings = {
				ASSETCATALOG_COMPILER_APPICON_NAME = AppIcon;
				ASSETCATALOG_COMPILER_GLOBAL_ACCENT_COLOR_NAME = AccentColor;
				CODE_SIGN_IDENTITY = "Apple Development";
				"CODE_SIGN_IDENTITY[sdk=iphoneos*]" = "iPhone Distribution";
				CODE_SIGN_STYLE = Manual;
				CURRENT_PROJECT_VERSION = 1;
				DEBUG_INFORMATION_FORMAT = "dwarf-with-dsym";
				DEVELOPMENT_ASSET_PATHS = "\"Reyes/Preview Content\"";
				DEVELOPMENT_TEAM = "";
				"DEVELOPMENT_TEAM[sdk=iphoneos*]" = 9AGHP648CH;
				ENABLE_PREVIEWS = YES;
				ENABLE_USER_SCRIPT_SANDBOXING = NO;
				GENERATE_INFOPLIST_FILE = YES;
				INFOPLIST_FILE = Reyes/Info.plist;
				INFOPLIST_KEY_CFBundleDisplayName = "";
				INFOPLIST_KEY_LSApplicationCategoryType = "public.app-category.sports";
				INFOPLIST_KEY_NSCameraUsageDescription = "Necesitamos acceso a tu cámara para poder hacer login con face ID";
				INFOPLIST_KEY_UIApplicationSceneManifest_Generation = YES;
				INFOPLIST_KEY_UIApplicationSupportsIndirectInputEvents = YES;
				INFOPLIST_KEY_UILaunchScreen_Generation = YES;
				INFOPLIST_KEY_UIRequiresFullScreen = YES;
				INFOPLIST_KEY_UISupportedInterfaceOrientations = UIInterfaceOrientationPortrait;
				IPHONEOS_DEPLOYMENT_TARGET = 15;
				LD_RUNPATH_SEARCH_PATHS = (
					"$(inherited)",
					"@executable_path/Frameworks",
				);
				MARKETING_VERSION = 20241102.1;
				PRODUCT_BUNDLE_IDENTIFIER = com.Fhazel.Reyes;
				PRODUCT_NAME = "$(TARGET_NAME)";
				PROVISIONING_PROFILE_SPECIFIER = "";
				"PROVISIONING_PROFILE_SPECIFIER[sdk=iphoneos*]" = reyes_provision;
				SUPPORTED_PLATFORMS = "iphoneos iphonesimulator";
				SUPPORTS_MACCATALYST = NO;
				SUPPORTS_MAC_DESIGNED_FOR_IPHONE_IPAD = NO;
				SUPPORTS_XR_DESIGNED_FOR_IPHONE_IPAD = NO;
				SWIFT_EMIT_LOC_STRINGS = YES;
				SWIFT_VERSION = 5.0;
				TARGETED_DEVICE_FAMILY = 1;
			};
			name = Debug;
		};
		0531F1222C5C0BDE00E11C1C /* Release */ = {
			isa = XCBuildConfiguration;
			buildSettings = {
				ASSETCATALOG_COMPILER_APPICON_NAME = AppIcon;
				ASSETCATALOG_COMPILER_GLOBAL_ACCENT_COLOR_NAME = AccentColor;
				CODE_SIGN_IDENTITY = "Apple Development";
				"CODE_SIGN_IDENTITY[sdk=iphoneos*]" = "iPhone Distribution";
				CODE_SIGN_STYLE = Manual;
				CURRENT_PROJECT_VERSION = 1;
				DEVELOPMENT_ASSET_PATHS = "\"Reyes/Preview Content\"";
				DEVELOPMENT_TEAM = "";
				"DEVELOPMENT_TEAM[sdk=iphoneos*]" = 9AGHP648CH;
				ENABLE_PREVIEWS = YES;
				ENABLE_USER_SCRIPT_SANDBOXING = NO;
				GENERATE_INFOPLIST_FILE = YES;
				INFOPLIST_FILE = Reyes/Info.plist;
				INFOPLIST_KEY_CFBundleDisplayName = "";
				INFOPLIST_KEY_LSApplicationCategoryType = "public.app-category.sports";
				INFOPLIST_KEY_NSCameraUsageDescription = "Necesitamos acceso a tu cámara para poder hacer login con face ID";
				INFOPLIST_KEY_UIApplicationSceneManifest_Generation = YES;
				INFOPLIST_KEY_UIApplicationSupportsIndirectInputEvents = YES;
				INFOPLIST_KEY_UILaunchScreen_Generation = YES;
				INFOPLIST_KEY_UIRequiresFullScreen = YES;
				INFOPLIST_KEY_UISupportedInterfaceOrientations = UIInterfaceOrientationPortrait;
				IPHONEOS_DEPLOYMENT_TARGET = 15;
				LD_RUNPATH_SEARCH_PATHS = (
					"$(inherited)",
					"@executable_path/Frameworks",
				);
				MARKETING_VERSION = 20241102.1;
				PRODUCT_BUNDLE_IDENTIFIER = com.Fhazel.Reyes;
				PRODUCT_NAME = "$(TARGET_NAME)";
				PROVISIONING_PROFILE_SPECIFIER = "";
				"PROVISIONING_PROFILE_SPECIFIER[sdk=iphoneos*]" = reyes_provision;
				SUPPORTED_PLATFORMS = "iphoneos iphonesimulator";
				SUPPORTS_MACCATALYST = NO;
				SUPPORTS_MAC_DESIGNED_FOR_IPHONE_IPAD = NO;
				SUPPORTS_XR_DESIGNED_FOR_IPHONE_IPAD = NO;
				SWIFT_EMIT_LOC_STRINGS = YES;
				SWIFT_VERSION = 5.0;
				TARGETED_DEVICE_FAMILY = 1;
			};
			name = Release;
		};
		0531F1242C5C0BDE00E11C1C /* Debug */ = {
			isa = XCBuildConfiguration;
			buildSettings = {
				ALWAYS_EMBED_SWIFT_STANDARD_LIBRARIES = YES;
				BUNDLE_LOADER = "$(TEST_HOST)";
				CODE_SIGN_STYLE = Automatic;
				CURRENT_PROJECT_VERSION = 1;
				DEVELOPMENT_TEAM = 9AGHP648CH;
				GENERATE_INFOPLIST_FILE = YES;
				IPHONEOS_DEPLOYMENT_TARGET = 17.5;
				MARKETING_VERSION = 1.0;
				PRODUCT_BUNDLE_IDENTIFIER = com.Fhazel.ReyesTests;
				PRODUCT_NAME = "$(TARGET_NAME)";
				SWIFT_EMIT_LOC_STRINGS = NO;
				SWIFT_VERSION = 5.0;
				TARGETED_DEVICE_FAMILY = "1,2";
				TEST_HOST = "$(BUILT_PRODUCTS_DIR)/Reyes.app/$(BUNDLE_EXECUTABLE_FOLDER_PATH)/Reyes";
			};
			name = Debug;
		};
		0531F1252C5C0BDE00E11C1C /* Release */ = {
			isa = XCBuildConfiguration;
			buildSettings = {
				ALWAYS_EMBED_SWIFT_STANDARD_LIBRARIES = YES;
				BUNDLE_LOADER = "$(TEST_HOST)";
				CODE_SIGN_STYLE = Automatic;
				CURRENT_PROJECT_VERSION = 1;
				DEVELOPMENT_TEAM = 9AGHP648CH;
				GENERATE_INFOPLIST_FILE = YES;
				IPHONEOS_DEPLOYMENT_TARGET = 17.5;
				MARKETING_VERSION = 1.0;
				PRODUCT_BUNDLE_IDENTIFIER = com.Fhazel.ReyesTests;
				PRODUCT_NAME = "$(TARGET_NAME)";
				SWIFT_EMIT_LOC_STRINGS = NO;
				SWIFT_VERSION = 5.0;
				TARGETED_DEVICE_FAMILY = "1,2";
				TEST_HOST = "$(BUILT_PRODUCTS_DIR)/Reyes.app/$(BUNDLE_EXECUTABLE_FOLDER_PATH)/Reyes";
			};
			name = Release;
		};
		0531F1272C5C0BDE00E11C1C /* Debug */ = {
			isa = XCBuildConfiguration;
			buildSettings = {
				ALWAYS_EMBED_SWIFT_STANDARD_LIBRARIES = YES;
				CODE_SIGN_STYLE = Automatic;
				CURRENT_PROJECT_VERSION = 1;
				DEVELOPMENT_TEAM = 9AGHP648CH;
				GENERATE_INFOPLIST_FILE = YES;
				MARKETING_VERSION = 1.0;
				PRODUCT_BUNDLE_IDENTIFIER = com.Fhazel.ReyesUITests;
				PRODUCT_NAME = "$(TARGET_NAME)";
				SWIFT_EMIT_LOC_STRINGS = NO;
				SWIFT_VERSION = 5.0;
				TARGETED_DEVICE_FAMILY = "1,2";
				TEST_TARGET_NAME = Reyes;
			};
			name = Debug;
		};
		0531F1282C5C0BDE00E11C1C /* Release */ = {
			isa = XCBuildConfiguration;
			buildSettings = {
				ALWAYS_EMBED_SWIFT_STANDARD_LIBRARIES = YES;
				CODE_SIGN_STYLE = Automatic;
				CURRENT_PROJECT_VERSION = 1;
				DEVELOPMENT_TEAM = 9AGHP648CH;
				GENERATE_INFOPLIST_FILE = YES;
				MARKETING_VERSION = 1.0;
				PRODUCT_BUNDLE_IDENTIFIER = com.Fhazel.ReyesUITests;
				PRODUCT_NAME = "$(TARGET_NAME)";
				SWIFT_EMIT_LOC_STRINGS = NO;
				SWIFT_VERSION = 5.0;
				TARGETED_DEVICE_FAMILY = "1,2";
				TEST_TARGET_NAME = Reyes;
			};
			name = Release;
		};
/* End XCBuildConfiguration section */

/* Begin XCConfigurationList section */
		0531F0F72C5C0BDC00E11C1C /* Build configuration list for PBXProject "Reyes" */ = {
			isa = XCConfigurationList;
			buildConfigurations = (
				0531F11E2C5C0BDE00E11C1C /* Debug */,
				0531F11F2C5C0BDE00E11C1C /* Release */,
			);
			defaultConfigurationIsVisible = 0;
			defaultConfigurationName = Release;
		};
		0531F1202C5C0BDE00E11C1C /* Build configuration list for PBXNativeTarget "Reyes" */ = {
			isa = XCConfigurationList;
			buildConfigurations = (
				0531F1212C5C0BDE00E11C1C /* Debug */,
				0531F1222C5C0BDE00E11C1C /* Release */,
			);
			defaultConfigurationIsVisible = 0;
			defaultConfigurationName = Release;
		};
		0531F1232C5C0BDE00E11C1C /* Build configuration list for PBXNativeTarget "ReyesTests" */ = {
			isa = XCConfigurationList;
			buildConfigurations = (
				0531F1242C5C0BDE00E11C1C /* Debug */,
				0531F1252C5C0BDE00E11C1C /* Release */,
			);
			defaultConfigurationIsVisible = 0;
			defaultConfigurationName = Release;
		};
		0531F1262C5C0BDE00E11C1C /* Build configuration list for PBXNativeTarget "ReyesUITests" */ = {
			isa = XCConfigurationList;
			buildConfigurations = (
				0531F1272C5C0BDE00E11C1C /* Debug */,
				0531F1282C5C0BDE00E11C1C /* Release */,
			);
			defaultConfigurationIsVisible = 0;
			defaultConfigurationName = Release;
		};
/* End XCConfigurationList section */

/* Begin XCRemoteSwiftPackageReference section */
		0531F12B2C5C0DF200E11C1C /* XCRemoteSwiftPackageReference "firebase-ios-sdk" */ = {
			isa = XCRemoteSwiftPackageReference;
			repositoryURL = "https://github.com/firebase/firebase-ios-sdk";
			requirement = {
				kind = upToNextMajorVersion;
				minimumVersion = 11.0.0;
			};
		};
		05AD06992CB1C25C008D1CB4 /* XCRemoteSwiftPackageReference "stripe-ios-spm" */ = {
			isa = XCRemoteSwiftPackageReference;
			repositoryURL = "https://github.com/stripe/stripe-ios-spm";
			requirement = {
				kind = upToNextMajorVersion;
				minimumVersion = 23.31.0;
			};
		};
/* End XCRemoteSwiftPackageReference section */

/* Begin XCSwiftPackageProductDependency section */
		0531F12D2C5C0ED500E11C1C /* FirebaseStorage */ = {
			isa = XCSwiftPackageProductDependency;
			package = 0531F12B2C5C0DF200E11C1C /* XCRemoteSwiftPackageReference "firebase-ios-sdk" */;
			productName = FirebaseStorage;
		};
		0554D1482C925D4A00BE33C3 /* FirebaseAnalytics */ = {
			isa = XCSwiftPackageProductDependency;
			package = 0531F12B2C5C0DF200E11C1C /* XCRemoteSwiftPackageReference "firebase-ios-sdk" */;
			productName = FirebaseAnalytics;
		};
		0554D14A2C925D5600BE33C3 /* FirebaseCrashlytics */ = {
			isa = XCSwiftPackageProductDependency;
			package = 0531F12B2C5C0DF200E11C1C /* XCRemoteSwiftPackageReference "firebase-ios-sdk" */;
			productName = FirebaseCrashlytics;
		};
		056309382CD3E359005056C0 /* FirebaseAuth */ = {
			isa = XCSwiftPackageProductDependency;
			package = 0531F12B2C5C0DF200E11C1C /* XCRemoteSwiftPackageReference "firebase-ios-sdk" */;
			productName = FirebaseAuth;
		};
		058039C02C93698300EE6E36 /* FirebaseRemoteConfig */ = {
			isa = XCSwiftPackageProductDependency;
			package = 0531F12B2C5C0DF200E11C1C /* XCRemoteSwiftPackageReference "firebase-ios-sdk" */;
			productName = FirebaseRemoteConfig;
		};
		059E77702C7B894D00C11C00 /* FirebaseFirestore */ = {
			isa = XCSwiftPackageProductDependency;
			package = 0531F12B2C5C0DF200E11C1C /* XCRemoteSwiftPackageReference "firebase-ios-sdk" */;
			productName = FirebaseFirestore;
		};
		05AD069A2CB1C25C008D1CB4 /* Stripe */ = {
			isa = XCSwiftPackageProductDependency;
			package = 05AD06992CB1C25C008D1CB4 /* XCRemoteSwiftPackageReference "stripe-ios-spm" */;
			productName = Stripe;
		};
		05AD069C2CB1C25C008D1CB4 /* StripeApplePay */ = {
			isa = XCSwiftPackageProductDependency;
			package = 05AD06992CB1C25C008D1CB4 /* XCRemoteSwiftPackageReference "stripe-ios-spm" */;
			productName = StripeApplePay;
		};
		05AD06A02CB1C25C008D1CB4 /* StripeFinancialConnections */ = {
			isa = XCSwiftPackageProductDependency;
			package = 05AD06992CB1C25C008D1CB4 /* XCRemoteSwiftPackageReference "stripe-ios-spm" */;
			productName = StripeFinancialConnections;
		};
		05AD06A22CB1C25C008D1CB4 /* StripeIdentity */ = {
			isa = XCSwiftPackageProductDependency;
			package = 05AD06992CB1C25C008D1CB4 /* XCRemoteSwiftPackageReference "stripe-ios-spm" */;
			productName = StripeIdentity;
		};
		05AD06A42CB1C25C008D1CB4 /* StripePaymentSheet */ = {
			isa = XCSwiftPackageProductDependency;
			package = 05AD06992CB1C25C008D1CB4 /* XCRemoteSwiftPackageReference "stripe-ios-spm" */;
			productName = StripePaymentSheet;
		};
		05AD06A62CB1C25C008D1CB4 /* StripePayments */ = {
			isa = XCSwiftPackageProductDependency;
			package = 05AD06992CB1C25C008D1CB4 /* XCRemoteSwiftPackageReference "stripe-ios-spm" */;
			productName = StripePayments;
		};
		05AD06A82CB1C25C008D1CB4 /* StripePaymentsUI */ = {
			isa = XCSwiftPackageProductDependency;
			package = 05AD06992CB1C25C008D1CB4 /* XCRemoteSwiftPackageReference "stripe-ios-spm" */;
			productName = StripePaymentsUI;
		};
/* End XCSwiftPackageProductDependency section */

/* Begin XCVersionGroup section */
		05281D652C9A372F00FCFC5E /* Model.xcdatamodeld */ = {
			isa = XCVersionGroup;
			children = (
				05281D662C9A372F00FCFC5E /* Model.xcdatamodel */,
			);
			currentVersion = 05281D662C9A372F00FCFC5E /* Model.xcdatamodel */;
			path = Model.xcdatamodeld;
			sourceTree = "<group>";
			versionGroupType = wrapper.xcdatamodel;
		};
/* End XCVersionGroup section */
	};
	rootObject = 0531F0F42C5C0BDC00E11C1C /* Project object */;
}
