// !$*UTF8*$!
{
	archiveVersion = 1;
	classes = {
	};
	objectVersion = 56;
	objects = {

/* Begin PBXBuildFile section */
		032A68682B800D2900E67771 /* ProductDetail.swift in Sources */ = {isa = PBXBuildFile; fileRef = 032A68672B800D2900E67771 /* ProductDetail.swift */; };
		032A686A2B80118200E67771 /* CircleImage.swift in Sources */ = {isa = PBXBuildFile; fileRef = 032A68692B80118200E67771 /* CircleImage.swift */; };
		033DC4F82B7B05E000D591D7 /* ReyesApp.swift in Sources */ = {isa = PBXBuildFile; fileRef = 033DC4F72B7B05E000D591D7 /* ReyesApp.swift */; };
		033DC4FA2B7B05E000D591D7 /* ContentView.swift in Sources */ = {isa = PBXBuildFile; fileRef = 033DC4F92B7B05E000D591D7 /* ContentView.swift */; };
		033DC4FC2B7B05E200D591D7 /* Assets.xcassets in Resources */ = {isa = PBXBuildFile; fileRef = 033DC4FB2B7B05E200D591D7 /* Assets.xcassets */; };
		033DC4FF2B7B05E200D591D7 /* Preview Assets.xcassets in Resources */ = {isa = PBXBuildFile; fileRef = 033DC4FE2B7B05E200D591D7 /* Preview Assets.xcassets */; };
		033DC5062B7B0A8000D591D7 /* GoogleService-Info.plist in Resources */ = {isa = PBXBuildFile; fileRef = 033DC5052B7B0A8000D591D7 /* GoogleService-Info.plist */; };
		033DC5092B7B243E00D591D7 /* FirebaseAnalytics in Frameworks */ = {isa = PBXBuildFile; productRef = 033DC5082B7B243E00D591D7 /* FirebaseAnalytics */; };
		033DC50B2B7B243E00D591D7 /* FirebaseAnalyticsOnDeviceConversion in Frameworks */ = {isa = PBXBuildFile; productRef = 033DC50A2B7B243E00D591D7 /* FirebaseAnalyticsOnDeviceConversion */; };
		033DC50D2B7B243E00D591D7 /* FirebaseAnalyticsSwift in Frameworks */ = {isa = PBXBuildFile; productRef = 033DC50C2B7B243E00D591D7 /* FirebaseAnalyticsSwift */; };
		033DC50F2B7B243E00D591D7 /* FirebaseAnalyticsWithoutAdIdSupport in Frameworks */ = {isa = PBXBuildFile; productRef = 033DC50E2B7B243E00D591D7 /* FirebaseAnalyticsWithoutAdIdSupport */; };
		033DC5152B7B243E00D591D7 /* FirebaseAuth in Frameworks */ = {isa = PBXBuildFile; productRef = 033DC5142B7B243E00D591D7 /* FirebaseAuth */; };
		033DC5172B7B243E00D591D7 /* FirebaseAuthCombine-Community in Frameworks */ = {isa = PBXBuildFile; productRef = 033DC5162B7B243E00D591D7 /* FirebaseAuthCombine-Community */; };
		033DC5192B7B243E00D591D7 /* FirebaseCrashlytics in Frameworks */ = {isa = PBXBuildFile; productRef = 033DC5182B7B243E00D591D7 /* FirebaseCrashlytics */; };
		033DC5212B7B243E00D591D7 /* FirebaseFirestore in Frameworks */ = {isa = PBXBuildFile; productRef = 033DC5202B7B243E00D591D7 /* FirebaseFirestore */; };
		033DC5232B7B243E00D591D7 /* FirebaseFirestoreCombine-Community in Frameworks */ = {isa = PBXBuildFile; productRef = 033DC5222B7B243E00D591D7 /* FirebaseFirestoreCombine-Community */; };
		033DC5252B7B243E00D591D7 /* FirebaseFirestoreSwift in Frameworks */ = {isa = PBXBuildFile; productRef = 033DC5242B7B243E00D591D7 /* FirebaseFirestoreSwift */; };
		033DC5292B7B243E00D591D7 /* FirebaseFunctionsCombine-Community in Frameworks */ = {isa = PBXBuildFile; productRef = 033DC5282B7B243E00D591D7 /* FirebaseFunctionsCombine-Community */; };
		033DC52B2B7B243E00D591D7 /* FirebaseInAppMessaging-Beta in Frameworks */ = {isa = PBXBuildFile; productRef = 033DC52A2B7B243E00D591D7 /* FirebaseInAppMessaging-Beta */; };
		033DC52D2B7B243E00D591D7 /* FirebaseInAppMessagingSwift-Beta in Frameworks */ = {isa = PBXBuildFile; productRef = 033DC52C2B7B243E00D591D7 /* FirebaseInAppMessagingSwift-Beta */; };
		033DC52F2B7B243E00D591D7 /* FirebaseInstallations in Frameworks */ = {isa = PBXBuildFile; productRef = 033DC52E2B7B243E00D591D7 /* FirebaseInstallations */; };
		033DC5332B7B243E00D591D7 /* FirebaseMessaging in Frameworks */ = {isa = PBXBuildFile; productRef = 033DC5322B7B243E00D591D7 /* FirebaseMessaging */; };
		033DC5352B7B243E00D591D7 /* FirebasePerformance in Frameworks */ = {isa = PBXBuildFile; productRef = 033DC5342B7B243E00D591D7 /* FirebasePerformance */; };
		033DC53B2B7B243F00D591D7 /* FirebaseStorage in Frameworks */ = {isa = PBXBuildFile; productRef = 033DC53A2B7B243F00D591D7 /* FirebaseStorage */; };
		033DC53D2B7B243F00D591D7 /* FirebaseStorageCombine-Community in Frameworks */ = {isa = PBXBuildFile; productRef = 033DC53C2B7B243F00D591D7 /* FirebaseStorageCombine-Community */; };
		0353438C2B7BC7D00015AF1F /* TestButtons.swift in Sources */ = {isa = PBXBuildFile; fileRef = 0353438B2B7BC7D00015AF1F /* TestButtons.swift */; };
		037A4F7F2B7EDAE80056EB6D /* NotificationManager.swift in Sources */ = {isa = PBXBuildFile; fileRef = 037A4F7E2B7EDAE80056EB6D /* NotificationManager.swift */; };
/* End PBXBuildFile section */

/* Begin PBXFileReference section */
		032A68672B800D2900E67771 /* ProductDetail.swift */ = {isa = PBXFileReference; lastKnownFileType = sourcecode.swift; path = ProductDetail.swift; sourceTree = "<group>"; };
		032A68692B80118200E67771 /* CircleImage.swift */ = {isa = PBXFileReference; lastKnownFileType = sourcecode.swift; path = CircleImage.swift; sourceTree = "<group>"; };
		033DC4F42B7B05E000D591D7 /* Reyes.app */ = {isa = PBXFileReference; explicitFileType = wrapper.application; includeInIndex = 0; path = Reyes.app; sourceTree = BUILT_PRODUCTS_DIR; };
		033DC4F72B7B05E000D591D7 /* ReyesApp.swift */ = {isa = PBXFileReference; lastKnownFileType = sourcecode.swift; path = ReyesApp.swift; sourceTree = "<group>"; };
		033DC4F92B7B05E000D591D7 /* ContentView.swift */ = {isa = PBXFileReference; lastKnownFileType = sourcecode.swift; path = ContentView.swift; sourceTree = "<group>"; };
		033DC4FB2B7B05E200D591D7 /* Assets.xcassets */ = {isa = PBXFileReference; lastKnownFileType = folder.assetcatalog; path = Assets.xcassets; sourceTree = "<group>"; };
		033DC4FE2B7B05E200D591D7 /* Preview Assets.xcassets */ = {isa = PBXFileReference; lastKnownFileType = folder.assetcatalog; path = "Preview Assets.xcassets"; sourceTree = "<group>"; };
		033DC5052B7B0A8000D591D7 /* GoogleService-Info.plist */ = {isa = PBXFileReference; fileEncoding = 4; lastKnownFileType = text.plist.xml; path = "GoogleService-Info.plist"; sourceTree = "<group>"; };
		0353438B2B7BC7D00015AF1F /* TestButtons.swift */ = {isa = PBXFileReference; lastKnownFileType = sourcecode.swift; path = TestButtons.swift; sourceTree = SOURCE_ROOT; };
		037A4F7C2B7EC4A80056EB6D /* Reyes.entitlements */ = {isa = PBXFileReference; lastKnownFileType = text.plist.entitlements; path = Reyes.entitlements; sourceTree = "<group>"; };
		037A4F7D2B7EC51E0056EB6D /* Info.plist */ = {isa = PBXFileReference; lastKnownFileType = text.plist; path = Info.plist; sourceTree = "<group>"; };
		037A4F7E2B7EDAE80056EB6D /* NotificationManager.swift */ = {isa = PBXFileReference; lastKnownFileType = sourcecode.swift; path = NotificationManager.swift; sourceTree = "<group>"; };
/* End PBXFileReference section */

/* Begin PBXFrameworksBuildPhase section */
		033DC4F12B7B05E000D591D7 /* Frameworks */ = {
			isa = PBXFrameworksBuildPhase;
			buildActionMask = 2147483647;
			files = (
				033DC5292B7B243E00D591D7 /* FirebaseFunctionsCombine-Community in Frameworks */,
				033DC5212B7B243E00D591D7 /* FirebaseFirestore in Frameworks */,
				033DC50D2B7B243E00D591D7 /* FirebaseAnalyticsSwift in Frameworks */,
				033DC5092B7B243E00D591D7 /* FirebaseAnalytics in Frameworks */,
				033DC50B2B7B243E00D591D7 /* FirebaseAnalyticsOnDeviceConversion in Frameworks */,
				033DC5252B7B243E00D591D7 /* FirebaseFirestoreSwift in Frameworks */,
				033DC50F2B7B243E00D591D7 /* FirebaseAnalyticsWithoutAdIdSupport in Frameworks */,
				033DC5152B7B243E00D591D7 /* FirebaseAuth in Frameworks */,
				033DC5192B7B243E00D591D7 /* FirebaseCrashlytics in Frameworks */,
				033DC52B2B7B243E00D591D7 /* FirebaseInAppMessaging-Beta in Frameworks */,
				033DC53D2B7B243F00D591D7 /* FirebaseStorageCombine-Community in Frameworks */,
				033DC5172B7B243E00D591D7 /* FirebaseAuthCombine-Community in Frameworks */,
				033DC5352B7B243E00D591D7 /* FirebasePerformance in Frameworks */,
				033DC52D2B7B243E00D591D7 /* FirebaseInAppMessagingSwift-Beta in Frameworks */,
				033DC53B2B7B243F00D591D7 /* FirebaseStorage in Frameworks */,
				033DC5232B7B243E00D591D7 /* FirebaseFirestoreCombine-Community in Frameworks */,
				033DC5332B7B243E00D591D7 /* FirebaseMessaging in Frameworks */,
				033DC52F2B7B243E00D591D7 /* FirebaseInstallations in Frameworks */,
			);
			runOnlyForDeploymentPostprocessing = 0;
		};
/* End PBXFrameworksBuildPhase section */

/* Begin PBXGroup section */
		033DC4EB2B7B05DF00D591D7 = {
			isa = PBXGroup;
			children = (
				033DC4F62B7B05E000D591D7 /* Reyes */,
				033DC4F52B7B05E000D591D7 /* Products */,
			);
			sourceTree = "<group>";
		};
		033DC4F52B7B05E000D591D7 /* Products */ = {
			isa = PBXGroup;
			children = (
				033DC4F42B7B05E000D591D7 /* Reyes.app */,
			);
			name = Products;
			sourceTree = "<group>";
		};
		033DC4F62B7B05E000D591D7 /* Reyes */ = {
			isa = PBXGroup;
			children = (
				037A4F7D2B7EC51E0056EB6D /* Info.plist */,
				037A4F7C2B7EC4A80056EB6D /* Reyes.entitlements */,
				0353438A2B7BC75C0015AF1F /* Views */,
				033DC4F72B7B05E000D591D7 /* ReyesApp.swift */,
				033DC4F92B7B05E000D591D7 /* ContentView.swift */,
				033DC4FB2B7B05E200D591D7 /* Assets.xcassets */,
				033DC5052B7B0A8000D591D7 /* GoogleService-Info.plist */,
				033DC4FD2B7B05E200D591D7 /* Preview Content */,
				037A4F7E2B7EDAE80056EB6D /* NotificationManager.swift */,
			);
			path = Reyes;
			sourceTree = "<group>";
		};
		033DC4FD2B7B05E200D591D7 /* Preview Content */ = {
			isa = PBXGroup;
			children = (
				033DC4FE2B7B05E200D591D7 /* Preview Assets.xcassets */,
			);
			path = "Preview Content";
			sourceTree = "<group>";
		};
		0353438A2B7BC75C0015AF1F /* Views */ = {
			isa = PBXGroup;
			children = (
				0353438B2B7BC7D00015AF1F /* TestButtons.swift */,
				032A68672B800D2900E67771 /* ProductDetail.swift */,
				032A68692B80118200E67771 /* CircleImage.swift */,
			);
			name = Views;
			path = "New Group";
			sourceTree = "<group>";
		};
/* End PBXGroup section */

/* Begin PBXNativeTarget section */
		033DC4F32B7B05E000D591D7 /* Reyes */ = {
			isa = PBXNativeTarget;
			buildConfigurationList = 033DC5022B7B05E200D591D7 /* Build configuration list for PBXNativeTarget "Reyes" */;
			buildPhases = (
				033DC4F02B7B05E000D591D7 /* Sources */,
				033DC4F12B7B05E000D591D7 /* Frameworks */,
				033DC4F22B7B05E000D591D7 /* Resources */,
				0353438D2B7C129A0015AF1F /* ShellScript */,
			);
			buildRules = (
			);
			dependencies = (
			);
			name = Reyes;
			packageProductDependencies = (
				033DC5082B7B243E00D591D7 /* FirebaseAnalytics */,
				033DC50A2B7B243E00D591D7 /* FirebaseAnalyticsOnDeviceConversion */,
				033DC50C2B7B243E00D591D7 /* FirebaseAnalyticsSwift */,
				033DC50E2B7B243E00D591D7 /* FirebaseAnalyticsWithoutAdIdSupport */,
				033DC5142B7B243E00D591D7 /* FirebaseAuth */,
				033DC5162B7B243E00D591D7 /* FirebaseAuthCombine-Community */,
				033DC5182B7B243E00D591D7 /* FirebaseCrashlytics */,
				033DC5202B7B243E00D591D7 /* FirebaseFirestore */,
				033DC5222B7B243E00D591D7 /* FirebaseFirestoreCombine-Community */,
				033DC5242B7B243E00D591D7 /* FirebaseFirestoreSwift */,
				033DC5282B7B243E00D591D7 /* FirebaseFunctionsCombine-Community */,
				033DC52A2B7B243E00D591D7 /* FirebaseInAppMessaging-Beta */,
				033DC52C2B7B243E00D591D7 /* FirebaseInAppMessagingSwift-Beta */,
				033DC52E2B7B243E00D591D7 /* FirebaseInstallations */,
				033DC5322B7B243E00D591D7 /* FirebaseMessaging */,
				033DC5342B7B243E00D591D7 /* FirebasePerformance */,
				033DC53A2B7B243F00D591D7 /* FirebaseStorage */,
				033DC53C2B7B243F00D591D7 /* FirebaseStorageCombine-Community */,
			);
			productName = Reyes;
			productReference = 033DC4F42B7B05E000D591D7 /* Reyes.app */;
			productType = "com.apple.product-type.application";
		};
/* End PBXNativeTarget section */

/* Begin PBXProject section */
		033DC4EC2B7B05DF00D591D7 /* Project object */ = {
			isa = PBXProject;
			attributes = {
				BuildIndependentTargetsInParallel = 1;
				LastSwiftUpdateCheck = 1520;
				LastUpgradeCheck = 1520;
				TargetAttributes = {
					033DC4F32B7B05E000D591D7 = {
						CreatedOnToolsVersion = 15.2;
					};
				};
			};
			buildConfigurationList = 033DC4EF2B7B05DF00D591D7 /* Build configuration list for PBXProject "Reyes" */;
			compatibilityVersion = "Xcode 14.0";
			developmentRegion = en;
			hasScannedForEncodings = 0;
			knownRegions = (
				en,
				Base,
			);
			mainGroup = 033DC4EB2B7B05DF00D591D7;
			packageReferences = (
				033DC5072B7B243D00D591D7 /* XCRemoteSwiftPackageReference "firebase-ios-sdk" */,
			);
			productRefGroup = 033DC4F52B7B05E000D591D7 /* Products */;
			projectDirPath = "";
			projectRoot = "";
			targets = (
				033DC4F32B7B05E000D591D7 /* Reyes */,
			);
		};
/* End PBXProject section */

/* Begin PBXResourcesBuildPhase section */
		033DC4F22B7B05E000D591D7 /* Resources */ = {
			isa = PBXResourcesBuildPhase;
			buildActionMask = 2147483647;
			files = (
				033DC4FF2B7B05E200D591D7 /* Preview Assets.xcassets in Resources */,
				033DC4FC2B7B05E200D591D7 /* Assets.xcassets in Resources */,
				033DC5062B7B0A8000D591D7 /* GoogleService-Info.plist in Resources */,
			);
			runOnlyForDeploymentPostprocessing = 0;
		};
/* End PBXResourcesBuildPhase section */

/* Begin PBXShellScriptBuildPhase section */
		0353438D2B7C129A0015AF1F /* ShellScript */ = {
			isa = PBXShellScriptBuildPhase;
			buildActionMask = 2147483647;
			files = (
			);
			inputFileListPaths = (
			);
			inputPaths = (
				"${DWARF_DSYM_FOLDER_PATH}/${DWARF_DSYM_FILE_NAME}",
				"${DWARF_DSYM_FOLDER_PATH}/${DWARF_DSYM_FILE_NAME}/Contents/Resources/DWARF/${PRODUCT_NAME}",
				"${DWARF_DSYM_FOLDER_PATH}/${DWARF_DSYM_FILE_NAME}/Contents/Info.plist",
				"$(TARGET_BUILD_DIR)/$(UNLOCALIZED_RESOURCES_FOLDER_PATH)/GoogleService-Info.plist",
				"$(TARGET_BUILD_DIR)/$(EXECUTABLE_PATH)",
			);
			outputFileListPaths = (
			);
			outputPaths = (
			);
			runOnlyForDeploymentPostprocessing = 0;
			shellPath = /bin/sh;
			shellScript = "# Type a script or drag a script file from your workspace to insert its path.\n\"${BUILD_DIR%/Build/*}/SourcePackages/checkouts/firebase-ios-sdk/Crashlytics/run\"\n";
		};
/* End PBXShellScriptBuildPhase section */

/* Begin PBXSourcesBuildPhase section */
		033DC4F02B7B05E000D591D7 /* Sources */ = {
			isa = PBXSourcesBuildPhase;
			buildActionMask = 2147483647;
			files = (
				032A68682B800D2900E67771 /* ProductDetail.swift in Sources */,
				033DC4FA2B7B05E000D591D7 /* ContentView.swift in Sources */,
				033DC4F82B7B05E000D591D7 /* ReyesApp.swift in Sources */,
				037A4F7F2B7EDAE80056EB6D /* NotificationManager.swift in Sources */,
				0353438C2B7BC7D00015AF1F /* TestButtons.swift in Sources */,
				032A686A2B80118200E67771 /* CircleImage.swift in Sources */,
			);
			runOnlyForDeploymentPostprocessing = 0;
		};
/* End PBXSourcesBuildPhase section */

/* Begin XCBuildConfiguration section */
		033DC5002B7B05E200D591D7 /* Debug */ = {
			isa = XCBuildConfiguration;
			buildSettings = {
				ALWAYS_SEARCH_USER_PATHS = NO;
				ASSETCATALOG_COMPILER_GENERATE_SWIFT_ASSET_SYMBOL_EXTENSIONS = YES;
				CLANG_ANALYZER_NONNULL = YES;
				CLANG_ANALYZER_NUMBER_OBJECT_CONVERSION = YES_AGGRESSIVE;
				CLANG_CXX_LANGUAGE_STANDARD = "gnu++20";
				CLANG_ENABLE_MODULES = YES;
				CLANG_ENABLE_OBJC_ARC = YES;
				CLANG_ENABLE_OBJC_WEAK = YES;
				CLANG_WARN_BLOCK_CAPTURE_AUTORELEASING = YES;
				CLANG_WARN_BOOL_CONVERSION = YES;
				CLANG_WARN_COMMA = YES;
				CLANG_WARN_CONSTANT_CONVERSION = YES;
				CLANG_WARN_DEPRECATED_OBJC_IMPLEMENTATIONS = YES;
				CLANG_WARN_DIRECT_OBJC_ISA_USAGE = YES_ERROR;
				CLANG_WARN_DOCUMENTATION_COMMENTS = YES;
				CLANG_WARN_EMPTY_BODY = YES;
				CLANG_WARN_ENUM_CONVERSION = YES;
				CLANG_WARN_INFINITE_RECURSION = YES;
				CLANG_WARN_INT_CONVERSION = YES;
				CLANG_WARN_NON_LITERAL_NULL_CONVERSION = YES;
				CLANG_WARN_OBJC_IMPLICIT_RETAIN_SELF = YES;
				CLANG_WARN_OBJC_LITERAL_CONVERSION = YES;
				CLANG_WARN_OBJC_ROOT_CLASS = YES_ERROR;
				CLANG_WARN_QUOTED_INCLUDE_IN_FRAMEWORK_HEADER = YES;
				CLANG_WARN_RANGE_LOOP_ANALYSIS = YES;
				CLANG_WARN_STRICT_PROTOTYPES = YES;
				CLANG_WARN_SUSPICIOUS_MOVE = YES;
				CLANG_WARN_UNGUARDED_AVAILABILITY = YES_AGGRESSIVE;
				CLANG_WARN_UNREACHABLE_CODE = YES;
				CLANG_WARN__DUPLICATE_METHOD_MATCH = YES;
				COPY_PHASE_STRIP = NO;
				DEBUG_INFORMATION_FORMAT = dwarf;
				ENABLE_STRICT_OBJC_MSGSEND = YES;
				ENABLE_TESTABILITY = YES;
				ENABLE_USER_SCRIPT_SANDBOXING = YES;
				GCC_C_LANGUAGE_STANDARD = gnu17;
				GCC_DYNAMIC_NO_PIC = NO;
				GCC_NO_COMMON_BLOCKS = YES;
				GCC_OPTIMIZATION_LEVEL = 0;
				GCC_PREPROCESSOR_DEFINITIONS = (
					"DEBUG=1",
					"$(inherited)",
				);
				GCC_WARN_64_TO_32_BIT_CONVERSION = YES;
				GCC_WARN_ABOUT_RETURN_TYPE = YES_ERROR;
				GCC_WARN_UNDECLARED_SELECTOR = YES;
				GCC_WARN_UNINITIALIZED_AUTOS = YES_AGGRESSIVE;
				GCC_WARN_UNUSED_FUNCTION = YES;
				GCC_WARN_UNUSED_VARIABLE = YES;
				IPHONEOS_DEPLOYMENT_TARGET = 17.2;
				LOCALIZATION_PREFERS_STRING_CATALOGS = YES;
				MTL_ENABLE_DEBUG_INFO = INCLUDE_SOURCE;
				MTL_FAST_MATH = YES;
				ONLY_ACTIVE_ARCH = YES;
				SDKROOT = iphoneos;
				SWIFT_ACTIVE_COMPILATION_CONDITIONS = "DEBUG $(inherited)";
				SWIFT_OPTIMIZATION_LEVEL = "-Onone";
			};
			name = Debug;
		};
		033DC5012B7B05E200D591D7 /* Release */ = {
			isa = XCBuildConfiguration;
			buildSettings = {
				ALWAYS_SEARCH_USER_PATHS = NO;
				ASSETCATALOG_COMPILER_GENERATE_SWIFT_ASSET_SYMBOL_EXTENSIONS = YES;
				CLANG_ANALYZER_NONNULL = YES;
				CLANG_ANALYZER_NUMBER_OBJECT_CONVERSION = YES_AGGRESSIVE;
				CLANG_CXX_LANGUAGE_STANDARD = "gnu++20";
				CLANG_ENABLE_MODULES = YES;
				CLANG_ENABLE_OBJC_ARC = YES;
				CLANG_ENABLE_OBJC_WEAK = YES;
				CLANG_WARN_BLOCK_CAPTURE_AUTORELEASING = YES;
				CLANG_WARN_BOOL_CONVERSION = YES;
				CLANG_WARN_COMMA = YES;
				CLANG_WARN_CONSTANT_CONVERSION = YES;
				CLANG_WARN_DEPRECATED_OBJC_IMPLEMENTATIONS = YES;
				CLANG_WARN_DIRECT_OBJC_ISA_USAGE = YES_ERROR;
				CLANG_WARN_DOCUMENTATION_COMMENTS = YES;
				CLANG_WARN_EMPTY_BODY = YES;
				CLANG_WARN_ENUM_CONVERSION = YES;
				CLANG_WARN_INFINITE_RECURSION = YES;
				CLANG_WARN_INT_CONVERSION = YES;
				CLANG_WARN_NON_LITERAL_NULL_CONVERSION = YES;
				CLANG_WARN_OBJC_IMPLICIT_RETAIN_SELF = YES;
				CLANG_WARN_OBJC_LITERAL_CONVERSION = YES;
				CLANG_WARN_OBJC_ROOT_CLASS = YES_ERROR;
				CLANG_WARN_QUOTED_INCLUDE_IN_FRAMEWORK_HEADER = YES;
				CLANG_WARN_RANGE_LOOP_ANALYSIS = YES;
				CLANG_WARN_STRICT_PROTOTYPES = YES;
				CLANG_WARN_SUSPICIOUS_MOVE = YES;
				CLANG_WARN_UNGUARDED_AVAILABILITY = YES_AGGRESSIVE;
				CLANG_WARN_UNREACHABLE_CODE = YES;
				CLANG_WARN__DUPLICATE_METHOD_MATCH = YES;
				COPY_PHASE_STRIP = NO;
				DEBUG_INFORMATION_FORMAT = "dwarf-with-dsym";
				ENABLE_NS_ASSERTIONS = NO;
				ENABLE_STRICT_OBJC_MSGSEND = YES;
				ENABLE_USER_SCRIPT_SANDBOXING = YES;
				GCC_C_LANGUAGE_STANDARD = gnu17;
				GCC_NO_COMMON_BLOCKS = YES;
				GCC_WARN_64_TO_32_BIT_CONVERSION = YES;
				GCC_WARN_ABOUT_RETURN_TYPE = YES_ERROR;
				GCC_WARN_UNDECLARED_SELECTOR = YES;
				GCC_WARN_UNINITIALIZED_AUTOS = YES_AGGRESSIVE;
				GCC_WARN_UNUSED_FUNCTION = YES;
				GCC_WARN_UNUSED_VARIABLE = YES;
				IPHONEOS_DEPLOYMENT_TARGET = 17.2;
				LOCALIZATION_PREFERS_STRING_CATALOGS = YES;
				MTL_ENABLE_DEBUG_INFO = NO;
				MTL_FAST_MATH = YES;
				SDKROOT = iphoneos;
				SWIFT_COMPILATION_MODE = wholemodule;
				VALIDATE_PRODUCT = YES;
			};
			name = Release;
		};
		033DC5032B7B05E200D591D7 /* Debug */ = {
			isa = XCBuildConfiguration;
			buildSettings = {
				ASSETCATALOG_COMPILER_APPICON_NAME = AppIcon;
				ASSETCATALOG_COMPILER_GLOBAL_ACCENT_COLOR_NAME = AccentColor;
				CODE_SIGN_ENTITLEMENTS = Reyes/Reyes.entitlements;
				CODE_SIGN_STYLE = Automatic;
				CURRENT_PROJECT_VERSION = 1;
				DEBUG_INFORMATION_FORMAT = "dwarf-with-dsym";
				DEVELOPMENT_ASSET_PATHS = "\"Reyes/Preview Content\"";
				DEVELOPMENT_TEAM = 9AGHP648CH;
				ENABLE_PREVIEWS = YES;
				GENERATE_INFOPLIST_FILE = YES;
				INFOPLIST_FILE = Reyes/Info.plist;
				INFOPLIST_KEY_CFBundleDisplayName = Reyes;
				INFOPLIST_KEY_UIApplicationSceneManifest_Generation = YES;
				INFOPLIST_KEY_UIApplicationSupportsIndirectInputEvents = YES;
				INFOPLIST_KEY_UILaunchScreen_Generation = YES;
				INFOPLIST_KEY_UISupportedInterfaceOrientations_iPad = "UIInterfaceOrientationPortrait UIInterfaceOrientationPortraitUpsideDown UIInterfaceOrientationLandscapeLeft UIInterfaceOrientationLandscapeRight";
				INFOPLIST_KEY_UISupportedInterfaceOrientations_iPhone = "UIInterfaceOrientationPortrait UIInterfaceOrientationLandscapeLeft UIInterfaceOrientationLandscapeRight";
				LD_RUNPATH_SEARCH_PATHS = (
					"$(inherited)",
					"@executable_path/Frameworks",
				);
				MARKETING_VERSION = 1.0;
				PRODUCT_BUNDLE_IDENTIFIER = com.Fhazel.Reyes;
				PRODUCT_NAME = "$(TARGET_NAME)";
				SWIFT_EMIT_LOC_STRINGS = YES;
				SWIFT_VERSION = 5.0;
				TARGETED_DEVICE_FAMILY = "1,2";
			};
			name = Debug;
		};
		033DC5042B7B05E200D591D7 /* Release */ = {
			isa = XCBuildConfiguration;
			buildSettings = {
				ASSETCATALOG_COMPILER_APPICON_NAME = AppIcon;
				ASSETCATALOG_COMPILER_GLOBAL_ACCENT_COLOR_NAME = AccentColor;
				CODE_SIGN_ENTITLEMENTS = Reyes/Reyes.entitlements;
				CODE_SIGN_STYLE = Automatic;
				CURRENT_PROJECT_VERSION = 1;
				DEBUG_INFORMATION_FORMAT = "dwarf-with-dsym";
				DEVELOPMENT_ASSET_PATHS = "\"Reyes/Preview Content\"";
				DEVELOPMENT_TEAM = 9AGHP648CH;
				ENABLE_PREVIEWS = YES;
				GENERATE_INFOPLIST_FILE = YES;
				INFOPLIST_FILE = Reyes/Info.plist;
				INFOPLIST_KEY_CFBundleDisplayName = Reyes;
				INFOPLIST_KEY_UIApplicationSceneManifest_Generation = YES;
				INFOPLIST_KEY_UIApplicationSupportsIndirectInputEvents = YES;
				INFOPLIST_KEY_UILaunchScreen_Generation = YES;
				INFOPLIST_KEY_UISupportedInterfaceOrientations_iPad = "UIInterfaceOrientationPortrait UIInterfaceOrientationPortraitUpsideDown UIInterfaceOrientationLandscapeLeft UIInterfaceOrientationLandscapeRight";
				INFOPLIST_KEY_UISupportedInterfaceOrientations_iPhone = "UIInterfaceOrientationPortrait UIInterfaceOrientationLandscapeLeft UIInterfaceOrientationLandscapeRight";
				LD_RUNPATH_SEARCH_PATHS = (
					"$(inherited)",
					"@executable_path/Frameworks",
				);
				MARKETING_VERSION = 1.0;
				PRODUCT_BUNDLE_IDENTIFIER = com.Fhazel.Reyes;
				PRODUCT_NAME = "$(TARGET_NAME)";
				SWIFT_EMIT_LOC_STRINGS = YES;
				SWIFT_VERSION = 5.0;
				TARGETED_DEVICE_FAMILY = "1,2";
			};
			name = Release;
		};
/* End XCBuildConfiguration section */

/* Begin XCConfigurationList section */
		033DC4EF2B7B05DF00D591D7 /* Build configuration list for PBXProject "Reyes" */ = {
			isa = XCConfigurationList;
			buildConfigurations = (
				033DC5002B7B05E200D591D7 /* Debug */,
				033DC5012B7B05E200D591D7 /* Release */,
			);
			defaultConfigurationIsVisible = 0;
			defaultConfigurationName = Release;
		};
		033DC5022B7B05E200D591D7 /* Build configuration list for PBXNativeTarget "Reyes" */ = {
			isa = XCConfigurationList;
			buildConfigurations = (
				033DC5032B7B05E200D591D7 /* Debug */,
				033DC5042B7B05E200D591D7 /* Release */,
			);
			defaultConfigurationIsVisible = 0;
			defaultConfigurationName = Release;
		};
/* End XCConfigurationList section */

/* Begin XCRemoteSwiftPackageReference section */
		033DC5072B7B243D00D591D7 /* XCRemoteSwiftPackageReference "firebase-ios-sdk" */ = {
			isa = XCRemoteSwiftPackageReference;
			repositoryURL = "https://github.com/firebase/firebase-ios-sdk";
			requirement = {
				kind = upToNextMajorVersion;
				minimumVersion = 10.21.0;
			};
		};
/* End XCRemoteSwiftPackageReference section */

/* Begin XCSwiftPackageProductDependency section */
		033DC5082B7B243E00D591D7 /* FirebaseAnalytics */ = {
			isa = XCSwiftPackageProductDependency;
			package = 033DC5072B7B243D00D591D7 /* XCRemoteSwiftPackageReference "firebase-ios-sdk" */;
			productName = FirebaseAnalytics;
		};
		033DC50A2B7B243E00D591D7 /* FirebaseAnalyticsOnDeviceConversion */ = {
			isa = XCSwiftPackageProductDependency;
			package = 033DC5072B7B243D00D591D7 /* XCRemoteSwiftPackageReference "firebase-ios-sdk" */;
			productName = FirebaseAnalyticsOnDeviceConversion;
		};
		033DC50C2B7B243E00D591D7 /* FirebaseAnalyticsSwift */ = {
			isa = XCSwiftPackageProductDependency;
			package = 033DC5072B7B243D00D591D7 /* XCRemoteSwiftPackageReference "firebase-ios-sdk" */;
			productName = FirebaseAnalyticsSwift;
		};
		033DC50E2B7B243E00D591D7 /* FirebaseAnalyticsWithoutAdIdSupport */ = {
			isa = XCSwiftPackageProductDependency;
			package = 033DC5072B7B243D00D591D7 /* XCRemoteSwiftPackageReference "firebase-ios-sdk" */;
			productName = FirebaseAnalyticsWithoutAdIdSupport;
		};
		033DC5142B7B243E00D591D7 /* FirebaseAuth */ = {
			isa = XCSwiftPackageProductDependency;
			package = 033DC5072B7B243D00D591D7 /* XCRemoteSwiftPackageReference "firebase-ios-sdk" */;
			productName = FirebaseAuth;
		};
		033DC5162B7B243E00D591D7 /* FirebaseAuthCombine-Community */ = {
			isa = XCSwiftPackageProductDependency;
			package = 033DC5072B7B243D00D591D7 /* XCRemoteSwiftPackageReference "firebase-ios-sdk" */;
			productName = "FirebaseAuthCombine-Community";
		};
		033DC5182B7B243E00D591D7 /* FirebaseCrashlytics */ = {
			isa = XCSwiftPackageProductDependency;
			package = 033DC5072B7B243D00D591D7 /* XCRemoteSwiftPackageReference "firebase-ios-sdk" */;
			productName = FirebaseCrashlytics;
		};
		033DC5202B7B243E00D591D7 /* FirebaseFirestore */ = {
			isa = XCSwiftPackageProductDependency;
			package = 033DC5072B7B243D00D591D7 /* XCRemoteSwiftPackageReference "firebase-ios-sdk" */;
			productName = FirebaseFirestore;
		};
		033DC5222B7B243E00D591D7 /* FirebaseFirestoreCombine-Community */ = {
			isa = XCSwiftPackageProductDependency;
			package = 033DC5072B7B243D00D591D7 /* XCRemoteSwiftPackageReference "firebase-ios-sdk" */;
			productName = "FirebaseFirestoreCombine-Community";
		};
		033DC5242B7B243E00D591D7 /* FirebaseFirestoreSwift */ = {
			isa = XCSwiftPackageProductDependency;
			package = 033DC5072B7B243D00D591D7 /* XCRemoteSwiftPackageReference "firebase-ios-sdk" */;
			productName = FirebaseFirestoreSwift;
		};
		033DC5282B7B243E00D591D7 /* FirebaseFunctionsCombine-Community */ = {
			isa = XCSwiftPackageProductDependency;
			package = 033DC5072B7B243D00D591D7 /* XCRemoteSwiftPackageReference "firebase-ios-sdk" */;
			productName = "FirebaseFunctionsCombine-Community";
		};
		033DC52A2B7B243E00D591D7 /* FirebaseInAppMessaging-Beta */ = {
			isa = XCSwiftPackageProductDependency;
			package = 033DC5072B7B243D00D591D7 /* XCRemoteSwiftPackageReference "firebase-ios-sdk" */;
			productName = "FirebaseInAppMessaging-Beta";
		};
		033DC52C2B7B243E00D591D7 /* FirebaseInAppMessagingSwift-Beta */ = {
			isa = XCSwiftPackageProductDependency;
			package = 033DC5072B7B243D00D591D7 /* XCRemoteSwiftPackageReference "firebase-ios-sdk" */;
			productName = "FirebaseInAppMessagingSwift-Beta";
		};
		033DC52E2B7B243E00D591D7 /* FirebaseInstallations */ = {
			isa = XCSwiftPackageProductDependency;
			package = 033DC5072B7B243D00D591D7 /* XCRemoteSwiftPackageReference "firebase-ios-sdk" */;
			productName = FirebaseInstallations;
		};
		033DC5322B7B243E00D591D7 /* FirebaseMessaging */ = {
			isa = XCSwiftPackageProductDependency;
			package = 033DC5072B7B243D00D591D7 /* XCRemoteSwiftPackageReference "firebase-ios-sdk" */;
			productName = FirebaseMessaging;
		};
		033DC5342B7B243E00D591D7 /* FirebasePerformance */ = {
			isa = XCSwiftPackageProductDependency;
			package = 033DC5072B7B243D00D591D7 /* XCRemoteSwiftPackageReference "firebase-ios-sdk" */;
			productName = FirebasePerformance;
		};
		033DC53A2B7B243F00D591D7 /* FirebaseStorage */ = {
			isa = XCSwiftPackageProductDependency;
			package = 033DC5072B7B243D00D591D7 /* XCRemoteSwiftPackageReference "firebase-ios-sdk" */;
			productName = FirebaseStorage;
		};
		033DC53C2B7B243F00D591D7 /* FirebaseStorageCombine-Community */ = {
			isa = XCSwiftPackageProductDependency;
			package = 033DC5072B7B243D00D591D7 /* XCRemoteSwiftPackageReference "firebase-ios-sdk" */;
			productName = "FirebaseStorageCombine-Community";
		};
/* End XCSwiftPackageProductDependency section */
	};
	rootObject = 033DC4EC2B7B05DF00D591D7 /* Project object */;
}
